PODS:
  - NVActivityIndicatorView (4.8.0):
    - NVActivityIndicatorView/Presenter (= 4.8.0)
  - NVActivityIndicatorView/Presenter (4.8.0)
  - SDWebImage (5.4.1):
    - SDWebImage/Core (= 5.4.1)
  - SDWebImage/Core (5.4.1)

DEPENDENCIES:
  - NVActivityIndicatorView
  - SDWebImage

SPEC REPOS:
  https://github.com/cocoapods/specs.git:
    - NVActivityIndicatorView
    - SDWebImage

SPEC CHECKSUMS:
  NVActivityIndicatorView: d24b7ebcf80af5dcd994adb650e2b6c93379270f
  SDWebImage: 29c340dbdcef342bb13125553f4e19ce056b07a7

PODFILE CHECKSUM: b0b6ba0327a73f8af1f6252c5ce769fca693a99a

COCOAPODS: 1.7.1
