// !$*UTF8*$!
{
	archiveVersion = 1;
	classes = {
	};
	objectVersion = 51;
	objects = {

/* Begin PBXBuildFile section */
		2C57F16C248A2AB7007FF471 /* PostsManager.swift in Sources */ = {isa = PBXBuildFile; fileRef = 2C57F16B248A2AB7007FF471 /* PostsManager.swift */; };
		2C57F16E248A2F91007FF471 /* User.swift in Sources */ = {isa = PBXBuildFile; fileRef = 2C57F16D248A2F91007FF471 /* User.swift */; };
		2C57F170248A331E007FF471 /* UsersManager.swift in Sources */ = {isa = PBXBuildFile; fileRef = 2C57F16F248A331E007FF471 /* UsersManager.swift */; };
		2C57F174248A3E84007FF471 /* ExploreCollectionViewCell.swift in Sources */ = {isa = PBXBuildFile; fileRef = 2C57F172248A3E84007FF471 /* ExploreCollectionViewCell.swift */; };
		2C57F175248A3E84007FF471 /* ExploreCollectionViewCell.xib in Resources */ = {isa = PBXBuildFile; fileRef = 2C57F173248A3E84007FF471 /* ExploreCollectionViewCell.xib */; };
		2C57F177248A4132007FF471 /* UICollectionView+Additions.swift in Sources */ = {isa = PBXBuildFile; fileRef = 2C57F176248A4132007FF471 /* UICollectionView+Additions.swift */; };
		2C67A3B0248D401000D2E2DE /* ProfileViewControllerTests.swift in Sources */ = {isa = PBXBuildFile; fileRef = 2C67A3AC248D401000D2E2DE /* ProfileViewControllerTests.swift */; };
		2C67A3B1248D401000D2E2DE /* ProfileInteractorTests.swift in Sources */ = {isa = PBXBuildFile; fileRef = 2C67A3AD248D401000D2E2DE /* ProfileInteractorTests.swift */; };
		2C67A3B2248D401000D2E2DE /* ProfileWorkerTests.swift in Sources */ = {isa = PBXBuildFile; fileRef = 2C67A3AE248D401000D2E2DE /* ProfileWorkerTests.swift */; };
		2C67A3B3248D401000D2E2DE /* ProfilePresenterTests.swift in Sources */ = {isa = PBXBuildFile; fileRef = 2C67A3AF248D401000D2E2DE /* ProfilePresenterTests.swift */; };
		2C67A3B9248D820100D2E2DE /* FeedViewControllerTests.swift in Sources */ = {isa = PBXBuildFile; fileRef = 2C67A3B5248D820100D2E2DE /* FeedViewControllerTests.swift */; };
		2C67A3BA248D820100D2E2DE /* FeedInteractorTests.swift in Sources */ = {isa = PBXBuildFile; fileRef = 2C67A3B6248D820100D2E2DE /* FeedInteractorTests.swift */; };
		2C67A3BB248D820100D2E2DE /* FeedWorkerTests.swift in Sources */ = {isa = PBXBuildFile; fileRef = 2C67A3B7248D820100D2E2DE /* FeedWorkerTests.swift */; };
		2C67A3BC248D820100D2E2DE /* FeedPresenterTests.swift in Sources */ = {isa = PBXBuildFile; fileRef = 2C67A3B8248D820100D2E2DE /* FeedPresenterTests.swift */; };
		2C69AC30248CCF4C009B2E24 /* TodoRepository.swift in Sources */ = {isa = PBXBuildFile; fileRef = 2C69AC2F248CCF4C009B2E24 /* TodoRepository.swift */; };
		2C69AC32248CCFA4009B2E24 /* Todo.swift in Sources */ = {isa = PBXBuildFile; fileRef = 2C69AC31248CCFA4009B2E24 /* Todo.swift */; };
		2C69AC34248CD02B009B2E24 /* Album.swift in Sources */ = {isa = PBXBuildFile; fileRef = 2C69AC33248CD02B009B2E24 /* Album.swift */; };
		2C69AC36248CD187009B2E24 /* APITodoRepository.swift in Sources */ = {isa = PBXBuildFile; fileRef = 2C69AC35248CD187009B2E24 /* APITodoRepository.swift */; };
		2C69AC38248CD419009B2E24 /* AlbumRepository.swift in Sources */ = {isa = PBXBuildFile; fileRef = 2C69AC37248CD419009B2E24 /* AlbumRepository.swift */; };
		2C69AC3A248CD422009B2E24 /* APIAlbumRepository.swift in Sources */ = {isa = PBXBuildFile; fileRef = 2C69AC39248CD422009B2E24 /* APIAlbumRepository.swift */; };
		2C69AC3E248CE052009B2E24 /* Constants.swift in Sources */ = {isa = PBXBuildFile; fileRef = 2C69AC3D248CE052009B2E24 /* Constants.swift */; };
		2C6A4433248D250200AA24F8 /* PhotoCollectionViewCell.swift in Sources */ = {isa = PBXBuildFile; fileRef = 2C6A4431248D250200AA24F8 /* PhotoCollectionViewCell.swift */; };
		2C6A4434248D250200AA24F8 /* PhotoCollectionViewCell.xib in Resources */ = {isa = PBXBuildFile; fileRef = 2C6A4432248D250200AA24F8 /* PhotoCollectionViewCell.xib */; };
		2C6A4439248D2EFE00AA24F8 /* CommentRepository.swift in Sources */ = {isa = PBXBuildFile; fileRef = 2C6A4438248D2EFE00AA24F8 /* CommentRepository.swift */; };
		2C6A443B248D2F0A00AA24F8 /* APICommentRepository.swift in Sources */ = {isa = PBXBuildFile; fileRef = 2C6A443A248D2F0A00AA24F8 /* APICommentRepository.swift */; };
		2C6A443D248D2F3300AA24F8 /* Comment.swift in Sources */ = {isa = PBXBuildFile; fileRef = 2C6A443C248D2F3300AA24F8 /* Comment.swift */; };
		2C6A4445248D367700AA24F8 /* CommentsPresenter.swift in Sources */ = {isa = PBXBuildFile; fileRef = 2C6A443F248D367700AA24F8 /* CommentsPresenter.swift */; };
		2C6A4446248D367700AA24F8 /* CommentsWorker.swift in Sources */ = {isa = PBXBuildFile; fileRef = 2C6A4440248D367700AA24F8 /* CommentsWorker.swift */; };
		2C6A4447248D367700AA24F8 /* CommentsRouter.swift in Sources */ = {isa = PBXBuildFile; fileRef = 2C6A4441248D367700AA24F8 /* CommentsRouter.swift */; };
		2C6A4448248D367700AA24F8 /* CommentsModels.swift in Sources */ = {isa = PBXBuildFile; fileRef = 2C6A4442248D367700AA24F8 /* CommentsModels.swift */; };
		2C6A4449248D367700AA24F8 /* CommentsViewController.swift in Sources */ = {isa = PBXBuildFile; fileRef = 2C6A4443248D367700AA24F8 /* CommentsViewController.swift */; };
		2C6A444A248D367700AA24F8 /* CommentsInteractor.swift in Sources */ = {isa = PBXBuildFile; fileRef = 2C6A4444248D367700AA24F8 /* CommentsInteractor.swift */; };
		2C6A444C248D37AF00AA24F8 /* CommentsStoryboard.storyboard in Resources */ = {isa = PBXBuildFile; fileRef = 2C6A444B248D37AF00AA24F8 /* CommentsStoryboard.storyboard */; };
		2C6A444F248D3ABA00AA24F8 /* CommentTableViewCell.swift in Sources */ = {isa = PBXBuildFile; fileRef = 2C6A444D248D3ABA00AA24F8 /* CommentTableViewCell.swift */; };
		2C6A4450248D3ABA00AA24F8 /* CommentTableViewCell.xib in Resources */ = {isa = PBXBuildFile; fileRef = 2C6A444E248D3ABA00AA24F8 /* CommentTableViewCell.xib */; };
		2C7FBC0A248E178700468A78 /* ExploreViewControllerTests.swift in Sources */ = {isa = PBXBuildFile; fileRef = 2C7FBC06248E178700468A78 /* ExploreViewControllerTests.swift */; };
		2C7FBC0B248E178700468A78 /* ExploreInteractorTests.swift in Sources */ = {isa = PBXBuildFile; fileRef = 2C7FBC07248E178700468A78 /* ExploreInteractorTests.swift */; };
		2C7FBC0C248E178700468A78 /* ExploreWorkerTests.swift in Sources */ = {isa = PBXBuildFile; fileRef = 2C7FBC08248E178700468A78 /* ExploreWorkerTests.swift */; };
		2C7FBC0D248E178700468A78 /* ExplorePresenterTests.swift in Sources */ = {isa = PBXBuildFile; fileRef = 2C7FBC09248E178700468A78 /* ExplorePresenterTests.swift */; };
		2C7FBC13248E1DD400468A78 /* PhotosViewControllerTests.swift in Sources */ = {isa = PBXBuildFile; fileRef = 2C7FBC0F248E1DD400468A78 /* PhotosViewControllerTests.swift */; };
		2C7FBC14248E1DD400468A78 /* PhotosInteractorTests.swift in Sources */ = {isa = PBXBuildFile; fileRef = 2C7FBC10248E1DD400468A78 /* PhotosInteractorTests.swift */; };
		2C7FBC15248E1DD400468A78 /* PhotosWorkerTests.swift in Sources */ = {isa = PBXBuildFile; fileRef = 2C7FBC11248E1DD400468A78 /* PhotosWorkerTests.swift */; };
		2C7FBC16248E1DD400468A78 /* PhotosPresenterTests.swift in Sources */ = {isa = PBXBuildFile; fileRef = 2C7FBC12248E1DD400468A78 /* PhotosPresenterTests.swift */; };
		2C7FBC1C248E1FA100468A78 /* CommentsViewControllerTests.swift in Sources */ = {isa = PBXBuildFile; fileRef = 2C7FBC18248E1FA100468A78 /* CommentsViewControllerTests.swift */; };
		2C7FBC1D248E1FA100468A78 /* CommentsInteractorTests.swift in Sources */ = {isa = PBXBuildFile; fileRef = 2C7FBC19248E1FA100468A78 /* CommentsInteractorTests.swift */; };
		2C7FBC1E248E1FA100468A78 /* CommentsWorkerTests.swift in Sources */ = {isa = PBXBuildFile; fileRef = 2C7FBC1A248E1FA100468A78 /* CommentsWorkerTests.swift */; };
		2C7FBC1F248E1FA100468A78 /* CommentsPresenterTests.swift in Sources */ = {isa = PBXBuildFile; fileRef = 2C7FBC1B248E1FA100468A78 /* CommentsPresenterTests.swift */; };
		2C7FBC25248E20DC00468A78 /* MainViewControllerTests.swift in Sources */ = {isa = PBXBuildFile; fileRef = 2C7FBC21248E20DC00468A78 /* MainViewControllerTests.swift */; };
		2C7FBC26248E20DC00468A78 /* MainInteractorTests.swift in Sources */ = {isa = PBXBuildFile; fileRef = 2C7FBC22248E20DC00468A78 /* MainInteractorTests.swift */; };
		2C7FBC27248E20DC00468A78 /* MainWorkerTests.swift in Sources */ = {isa = PBXBuildFile; fileRef = 2C7FBC23248E20DC00468A78 /* MainWorkerTests.swift */; };
		2C7FBC28248E20DC00468A78 /* MainPresenterTests.swift in Sources */ = {isa = PBXBuildFile; fileRef = 2C7FBC24248E20DC00468A78 /* MainPresenterTests.swift */; };
		2C7FBC2B248E249700468A78 /* XCTest+Additions.swift in Sources */ = {isa = PBXBuildFile; fileRef = 2C7FBC2A248E249700468A78 /* XCTest+Additions.swift */; };
		2CDE753C2488F2E000949272 /* AppDelegate.swift in Sources */ = {isa = PBXBuildFile; fileRef = 2CDE753B2488F2E000949272 /* AppDelegate.swift */; };
		2CDE753E2488F2E000949272 /* SceneDelegate.swift in Sources */ = {isa = PBXBuildFile; fileRef = 2CDE753D2488F2E000949272 /* SceneDelegate.swift */; };
		2CDE75402488F2E000949272 /* BaseViewController.swift in Sources */ = {isa = PBXBuildFile; fileRef = 2CDE753F2488F2E000949272 /* BaseViewController.swift */; };
		2CDE75452488F2E200949272 /* Assets.xcassets in Resources */ = {isa = PBXBuildFile; fileRef = 2CDE75442488F2E200949272 /* Assets.xcassets */; };
		2CDE75482488F2E200949272 /* LaunchScreen.storyboard in Resources */ = {isa = PBXBuildFile; fileRef = 2CDE75462488F2E200949272 /* LaunchScreen.storyboard */; };
		2CDE75532488F2E200949272 /* JSONPlaceholderappTests.swift in Sources */ = {isa = PBXBuildFile; fileRef = 2CDE75522488F2E200949272 /* JSONPlaceholderappTests.swift */; };
		2CDE75652488F63D00949272 /* MainPresenter.swift in Sources */ = {isa = PBXBuildFile; fileRef = 2CDE755F2488F63D00949272 /* MainPresenter.swift */; };
		2CDE75662488F63D00949272 /* MainWorker.swift in Sources */ = {isa = PBXBuildFile; fileRef = 2CDE75602488F63D00949272 /* MainWorker.swift */; };
		2CDE75672488F63D00949272 /* MainRouter.swift in Sources */ = {isa = PBXBuildFile; fileRef = 2CDE75612488F63D00949272 /* MainRouter.swift */; };
		2CDE75682488F63D00949272 /* MainModels.swift in Sources */ = {isa = PBXBuildFile; fileRef = 2CDE75622488F63D00949272 /* MainModels.swift */; };
		2CDE75692488F63D00949272 /* MainViewController.swift in Sources */ = {isa = PBXBuildFile; fileRef = 2CDE75632488F63D00949272 /* MainViewController.swift */; };
		2CDE756A2488F63D00949272 /* MainInteractor.swift in Sources */ = {isa = PBXBuildFile; fileRef = 2CDE75642488F63D00949272 /* MainInteractor.swift */; };
		2CDE756C2488F66F00949272 /* MainStoryboard.storyboard in Resources */ = {isa = PBXBuildFile; fileRef = 2CDE756B2488F66F00949272 /* MainStoryboard.storyboard */; };
		2CDE75742488F8D400949272 /* FeedPresenter.swift in Sources */ = {isa = PBXBuildFile; fileRef = 2CDE756E2488F8D400949272 /* FeedPresenter.swift */; };
		2CDE75752488F8D400949272 /* FeedWorker.swift in Sources */ = {isa = PBXBuildFile; fileRef = 2CDE756F2488F8D400949272 /* FeedWorker.swift */; };
		2CDE75762488F8D400949272 /* FeedRouter.swift in Sources */ = {isa = PBXBuildFile; fileRef = 2CDE75702488F8D400949272 /* FeedRouter.swift */; };
		2CDE75772488F8D400949272 /* FeedModels.swift in Sources */ = {isa = PBXBuildFile; fileRef = 2CDE75712488F8D400949272 /* FeedModels.swift */; };
		2CDE75782488F8D400949272 /* FeedViewController.swift in Sources */ = {isa = PBXBuildFile; fileRef = 2CDE75722488F8D400949272 /* FeedViewController.swift */; };
		2CDE75792488F8D400949272 /* FeedInteractor.swift in Sources */ = {isa = PBXBuildFile; fileRef = 2CDE75732488F8D400949272 /* FeedInteractor.swift */; };
		2CDE757B2488F8E300949272 /* FeedStoryboard.storyboard in Resources */ = {isa = PBXBuildFile; fileRef = 2CDE757A2488F8E300949272 /* FeedStoryboard.storyboard */; };
		2CDE75832488F9CE00949272 /* ExplorePresenter.swift in Sources */ = {isa = PBXBuildFile; fileRef = 2CDE757D2488F9CE00949272 /* ExplorePresenter.swift */; };
		2CDE75842488F9CE00949272 /* ExploreWorker.swift in Sources */ = {isa = PBXBuildFile; fileRef = 2CDE757E2488F9CE00949272 /* ExploreWorker.swift */; };
		2CDE75852488F9CE00949272 /* ExploreRouter.swift in Sources */ = {isa = PBXBuildFile; fileRef = 2CDE757F2488F9CE00949272 /* ExploreRouter.swift */; };
		2CDE75862488F9CE00949272 /* ExploreModels.swift in Sources */ = {isa = PBXBuildFile; fileRef = 2CDE75802488F9CE00949272 /* ExploreModels.swift */; };
		2CDE75872488F9CE00949272 /* ExploreViewController.swift in Sources */ = {isa = PBXBuildFile; fileRef = 2CDE75812488F9CE00949272 /* ExploreViewController.swift */; };
		2CDE75882488F9CE00949272 /* ExploreInteractor.swift in Sources */ = {isa = PBXBuildFile; fileRef = 2CDE75822488F9CE00949272 /* ExploreInteractor.swift */; };
		2CDE758A2488FA3C00949272 /* ExploreStoryboard.storyboard in Resources */ = {isa = PBXBuildFile; fileRef = 2CDE75892488FA3C00949272 /* ExploreStoryboard.storyboard */; };
		2CDE758E2488FEA000949272 /* Threads.swift in Sources */ = {isa = PBXBuildFile; fileRef = 2CDE758D2488FEA000949272 /* Threads.swift */; };
		2CDE75902488FF7000949272 /* String+Additions.swift in Sources */ = {isa = PBXBuildFile; fileRef = 2CDE758F2488FF7000949272 /* String+Additions.swift */; };
		2CDE75932488FFFC00949272 /* Localizable.strings in Resources */ = {isa = PBXBuildFile; fileRef = 2CDE75922488FFFC00949272 /* Localizable.strings */; };
		2CDE75952489007E00949272 /* Array+Additions.swift in Sources */ = {isa = PBXBuildFile; fileRef = 2CDE75942489007E00949272 /* Array+Additions.swift */; };
		2CDE75992489076300949272 /* FeedTableViewCell.swift in Sources */ = {isa = PBXBuildFile; fileRef = 2CDE75972489076300949272 /* FeedTableViewCell.swift */; };
		2CDE759A2489076300949272 /* FeedTableViewCell.xib in Resources */ = {isa = PBXBuildFile; fileRef = 2CDE75982489076300949272 /* FeedTableViewCell.xib */; };
		2CDE759C24890E2600949272 /* UITableView+Additions.swift in Sources */ = {isa = PBXBuildFile; fileRef = 2CDE759B24890E2600949272 /* UITableView+Additions.swift */; };
		2CDE75A2248916E700949272 /* Post.swift in Sources */ = {isa = PBXBuildFile; fileRef = 2CDE75A1248916E700949272 /* Post.swift */; };
		2CE2BD1B248C03620064A8EE /* PostRepository.swift in Sources */ = {isa = PBXBuildFile; fileRef = 2CE2BD1A248C03620064A8EE /* PostRepository.swift */; };
		2CE2BD1D248C03E30064A8EE /* LocalPostRepository.swift in Sources */ = {isa = PBXBuildFile; fileRef = 2CE2BD1C248C03E30064A8EE /* LocalPostRepository.swift */; };
		2CE2BD1F248C043E0064A8EE /* APIPostRepository.swift in Sources */ = {isa = PBXBuildFile; fileRef = 2CE2BD1E248C043E0064A8EE /* APIPostRepository.swift */; };
		2CE2BD23248C106E0064A8EE /* APIBaseRepository.swift in Sources */ = {isa = PBXBuildFile; fileRef = 2CE2BD22248C106E0064A8EE /* APIBaseRepository.swift */; };
		2CE2BD2A248C19120064A8EE /* UserRepository.swift in Sources */ = {isa = PBXBuildFile; fileRef = 2CE2BD29248C19120064A8EE /* UserRepository.swift */; };
		2CE2BD2C248C19990064A8EE /* APIUserRepository.swift in Sources */ = {isa = PBXBuildFile; fileRef = 2CE2BD2B248C19990064A8EE /* APIUserRepository.swift */; };
		2CE2BD2E248C1A5A0064A8EE /* LocalUserRepository.swift in Sources */ = {isa = PBXBuildFile; fileRef = 2CE2BD2D248C1A5A0064A8EE /* LocalUserRepository.swift */; };
		2CE2BD43248C2ACC0064A8EE /* ProfilePresenter.swift in Sources */ = {isa = PBXBuildFile; fileRef = 2CE2BD3D248C2ACC0064A8EE /* ProfilePresenter.swift */; };
		2CE2BD44248C2ACC0064A8EE /* ProfileWorker.swift in Sources */ = {isa = PBXBuildFile; fileRef = 2CE2BD3E248C2ACC0064A8EE /* ProfileWorker.swift */; };
		2CE2BD45248C2ACC0064A8EE /* ProfileRouter.swift in Sources */ = {isa = PBXBuildFile; fileRef = 2CE2BD3F248C2ACC0064A8EE /* ProfileRouter.swift */; };
		2CE2BD46248C2ACC0064A8EE /* ProfileModels.swift in Sources */ = {isa = PBXBuildFile; fileRef = 2CE2BD40248C2ACC0064A8EE /* ProfileModels.swift */; };
		2CE2BD47248C2ACC0064A8EE /* ProfileViewController.swift in Sources */ = {isa = PBXBuildFile; fileRef = 2CE2BD41248C2ACC0064A8EE /* ProfileViewController.swift */; };
		2CE2BD48248C2ACC0064A8EE /* ProfileInteractor.swift in Sources */ = {isa = PBXBuildFile; fileRef = 2CE2BD42248C2ACC0064A8EE /* ProfileInteractor.swift */; };
		2CE2BD4A248C2AEB0064A8EE /* ProfileStoryboard.storyboard in Resources */ = {isa = PBXBuildFile; fileRef = 2CE2BD49248C2AEB0064A8EE /* ProfileStoryboard.storyboard */; };
		2CEC728E248CEE2F00BA523F /* AlbumTableViewCell.swift in Sources */ = {isa = PBXBuildFile; fileRef = 2CEC728C248CEE2F00BA523F /* AlbumTableViewCell.swift */; };
		2CEC728F248CEE2F00BA523F /* AlbumTableViewCell.xib in Resources */ = {isa = PBXBuildFile; fileRef = 2CEC728D248CEE2F00BA523F /* AlbumTableViewCell.xib */; };
		2CEC7292248CF56D00BA523F /* IntrinsicHeightTableView.swift in Sources */ = {isa = PBXBuildFile; fileRef = 2CEC7291248CF56D00BA523F /* IntrinsicHeightTableView.swift */; };
		2CEC7295248CF95600BA523F /* TodoTableViewCell.swift in Sources */ = {isa = PBXBuildFile; fileRef = 2CEC7293248CF95600BA523F /* TodoTableViewCell.swift */; };
		2CEC7296248CF95600BA523F /* TodoTableViewCell.xib in Resources */ = {isa = PBXBuildFile; fileRef = 2CEC7294248CF95600BA523F /* TodoTableViewCell.xib */; };
		2CEC729E248D114A00BA523F /* PhotosPresenter.swift in Sources */ = {isa = PBXBuildFile; fileRef = 2CEC7298248D114A00BA523F /* PhotosPresenter.swift */; };
		2CEC729F248D114A00BA523F /* PhotosWorker.swift in Sources */ = {isa = PBXBuildFile; fileRef = 2CEC7299248D114A00BA523F /* PhotosWorker.swift */; };
		2CEC72A0248D114A00BA523F /* PhotosRouter.swift in Sources */ = {isa = PBXBuildFile; fileRef = 2CEC729A248D114A00BA523F /* PhotosRouter.swift */; };
		2CEC72A1248D114A00BA523F /* PhotosModels.swift in Sources */ = {isa = PBXBuildFile; fileRef = 2CEC729B248D114A00BA523F /* PhotosModels.swift */; };
		2CEC72A2248D114A00BA523F /* PhotosViewController.swift in Sources */ = {isa = PBXBuildFile; fileRef = 2CEC729C248D114A00BA523F /* PhotosViewController.swift */; };
		2CEC72A3248D114A00BA523F /* PhotosInteractor.swift in Sources */ = {isa = PBXBuildFile; fileRef = 2CEC729D248D114A00BA523F /* PhotosInteractor.swift */; };
		2CEC72A5248D11CE00BA523F /* PhotosStoryboard.storyboard in Resources */ = {isa = PBXBuildFile; fileRef = 2CEC72A4248D11CE00BA523F /* PhotosStoryboard.storyboard */; };
		2CEC72A7248D18A900BA523F /* Photo.swift in Sources */ = {isa = PBXBuildFile; fileRef = 2CEC72A6248D18A900BA523F /* Photo.swift */; };
		2CEC72AA248D1A4600BA523F /* PhotoRepository.swift in Sources */ = {isa = PBXBuildFile; fileRef = 2CEC72A9248D1A4600BA523F /* PhotoRepository.swift */; };
		2CEC72AC248D1A4F00BA523F /* APIPhotoRepository.swift in Sources */ = {isa = PBXBuildFile; fileRef = 2CEC72AB248D1A4F00BA523F /* APIPhotoRepository.swift */; };
		B0156E0BDF5409C36FFA10BE /* Pods_JSONPlaceholderappTests.framework in Frameworks */ = {isa = PBXBuildFile; fileRef = D31E8BCBDF409AB4722672ED /* Pods_JSONPlaceholderappTests.framework */; };
		EA682F194B734A1B40623BB8 /* Pods_JSONPlaceholderapp.framework in Frameworks */ = {isa = PBXBuildFile; fileRef = BFA2BA0EB2504B63ACF97686 /* Pods_JSONPlaceholderapp.framework */; };
/* End PBXBuildFile section */

/* Begin PBXContainerItemProxy section */
		2CDE754F2488F2E200949272 /* PBXContainerItemProxy */ = {
			isa = PBXContainerItemProxy;
			containerPortal = 2CDE75302488F2E000949272 /* Project object */;
			proxyType = 1;
			remoteGlobalIDString = 2CDE75372488F2E000949272;
			remoteInfo = JSONPlaceholderapp;
		};
/* End PBXContainerItemProxy section */

/* Begin PBXFileReference section */
		1ADEDAAE5423E5F1D5308DA9 /* Pods-JSONPlaceholderappTests.debug.xcconfig */ = {isa = PBXFileReference; includeInIndex = 1; lastKnownFileType = text.xcconfig; name = "Pods-JSONPlaceholderappTests.debug.xcconfig"; path = "Target Support Files/Pods-JSONPlaceholderappTests/Pods-JSONPlaceholderappTests.debug.xcconfig"; sourceTree = "<group>"; };
		2C57F16B248A2AB7007FF471 /* PostsManager.swift */ = {isa = PBXFileReference; lastKnownFileType = sourcecode.swift; path = PostsManager.swift; sourceTree = "<group>"; };
		2C57F16D248A2F91007FF471 /* User.swift */ = {isa = PBXFileReference; lastKnownFileType = sourcecode.swift; path = User.swift; sourceTree = "<group>"; };
		2C57F16F248A331E007FF471 /* UsersManager.swift */ = {isa = PBXFileReference; lastKnownFileType = sourcecode.swift; path = UsersManager.swift; sourceTree = "<group>"; };
		2C57F172248A3E84007FF471 /* ExploreCollectionViewCell.swift */ = {isa = PBXFileReference; lastKnownFileType = sourcecode.swift; path = ExploreCollectionViewCell.swift; sourceTree = "<group>"; };
		2C57F173248A3E84007FF471 /* ExploreCollectionViewCell.xib */ = {isa = PBXFileReference; lastKnownFileType = file.xib; path = ExploreCollectionViewCell.xib; sourceTree = "<group>"; };
		2C57F176248A4132007FF471 /* UICollectionView+Additions.swift */ = {isa = PBXFileReference; lastKnownFileType = sourcecode.swift; path = "UICollectionView+Additions.swift"; sourceTree = "<group>"; };
		2C67A3AC248D401000D2E2DE /* ProfileViewControllerTests.swift */ = {isa = PBXFileReference; lastKnownFileType = sourcecode.swift; path = ProfileViewControllerTests.swift; sourceTree = "<group>"; };
		2C67A3AD248D401000D2E2DE /* ProfileInteractorTests.swift */ = {isa = PBXFileReference; lastKnownFileType = sourcecode.swift; path = ProfileInteractorTests.swift; sourceTree = "<group>"; };
		2C67A3AE248D401000D2E2DE /* ProfileWorkerTests.swift */ = {isa = PBXFileReference; lastKnownFileType = sourcecode.swift; path = ProfileWorkerTests.swift; sourceTree = "<group>"; };
		2C67A3AF248D401000D2E2DE /* ProfilePresenterTests.swift */ = {isa = PBXFileReference; lastKnownFileType = sourcecode.swift; path = ProfilePresenterTests.swift; sourceTree = "<group>"; };
		2C67A3B5248D820100D2E2DE /* FeedViewControllerTests.swift */ = {isa = PBXFileReference; lastKnownFileType = sourcecode.swift; path = FeedViewControllerTests.swift; sourceTree = "<group>"; };
		2C67A3B6248D820100D2E2DE /* FeedInteractorTests.swift */ = {isa = PBXFileReference; lastKnownFileType = sourcecode.swift; path = FeedInteractorTests.swift; sourceTree = "<group>"; };
		2C67A3B7248D820100D2E2DE /* FeedWorkerTests.swift */ = {isa = PBXFileReference; lastKnownFileType = sourcecode.swift; path = FeedWorkerTests.swift; sourceTree = "<group>"; };
		2C67A3B8248D820100D2E2DE /* FeedPresenterTests.swift */ = {isa = PBXFileReference; lastKnownFileType = sourcecode.swift; path = FeedPresenterTests.swift; sourceTree = "<group>"; };
		2C69AC2F248CCF4C009B2E24 /* TodoRepository.swift */ = {isa = PBXFileReference; lastKnownFileType = sourcecode.swift; path = TodoRepository.swift; sourceTree = "<group>"; };
		2C69AC31248CCFA4009B2E24 /* Todo.swift */ = {isa = PBXFileReference; lastKnownFileType = sourcecode.swift; path = Todo.swift; sourceTree = "<group>"; };
		2C69AC33248CD02B009B2E24 /* Album.swift */ = {isa = PBXFileReference; lastKnownFileType = sourcecode.swift; path = Album.swift; sourceTree = "<group>"; };
		2C69AC35248CD187009B2E24 /* APITodoRepository.swift */ = {isa = PBXFileReference; lastKnownFileType = sourcecode.swift; path = APITodoRepository.swift; sourceTree = "<group>"; };
		2C69AC37248CD419009B2E24 /* AlbumRepository.swift */ = {isa = PBXFileReference; lastKnownFileType = sourcecode.swift; path = AlbumRepository.swift; sourceTree = "<group>"; };
		2C69AC39248CD422009B2E24 /* APIAlbumRepository.swift */ = {isa = PBXFileReference; lastKnownFileType = sourcecode.swift; path = APIAlbumRepository.swift; sourceTree = "<group>"; };
		2C69AC3D248CE052009B2E24 /* Constants.swift */ = {isa = PBXFileReference; lastKnownFileType = sourcecode.swift; path = Constants.swift; sourceTree = "<group>"; };
		2C6A4431248D250200AA24F8 /* PhotoCollectionViewCell.swift */ = {isa = PBXFileReference; lastKnownFileType = sourcecode.swift; path = PhotoCollectionViewCell.swift; sourceTree = "<group>"; };
		2C6A4432248D250200AA24F8 /* PhotoCollectionViewCell.xib */ = {isa = PBXFileReference; lastKnownFileType = file.xib; path = PhotoCollectionViewCell.xib; sourceTree = "<group>"; };
		2C6A4438248D2EFE00AA24F8 /* CommentRepository.swift */ = {isa = PBXFileReference; lastKnownFileType = sourcecode.swift; path = CommentRepository.swift; sourceTree = "<group>"; };
		2C6A443A248D2F0A00AA24F8 /* APICommentRepository.swift */ = {isa = PBXFileReference; lastKnownFileType = sourcecode.swift; path = APICommentRepository.swift; sourceTree = "<group>"; };
		2C6A443C248D2F3300AA24F8 /* Comment.swift */ = {isa = PBXFileReference; lastKnownFileType = sourcecode.swift; path = Comment.swift; sourceTree = "<group>"; };
		2C6A443F248D367700AA24F8 /* CommentsPresenter.swift */ = {isa = PBXFileReference; lastKnownFileType = sourcecode.swift; path = CommentsPresenter.swift; sourceTree = "<group>"; };
		2C6A4440248D367700AA24F8 /* CommentsWorker.swift */ = {isa = PBXFileReference; lastKnownFileType = sourcecode.swift; path = CommentsWorker.swift; sourceTree = "<group>"; };
		2C6A4441248D367700AA24F8 /* CommentsRouter.swift */ = {isa = PBXFileReference; lastKnownFileType = sourcecode.swift; path = CommentsRouter.swift; sourceTree = "<group>"; };
		2C6A4442248D367700AA24F8 /* CommentsModels.swift */ = {isa = PBXFileReference; lastKnownFileType = sourcecode.swift; path = CommentsModels.swift; sourceTree = "<group>"; };
		2C6A4443248D367700AA24F8 /* CommentsViewController.swift */ = {isa = PBXFileReference; lastKnownFileType = sourcecode.swift; path = CommentsViewController.swift; sourceTree = "<group>"; };
		2C6A4444248D367700AA24F8 /* CommentsInteractor.swift */ = {isa = PBXFileReference; lastKnownFileType = sourcecode.swift; path = CommentsInteractor.swift; sourceTree = "<group>"; };
		2C6A444B248D37AF00AA24F8 /* CommentsStoryboard.storyboard */ = {isa = PBXFileReference; lastKnownFileType = file.storyboard; path = CommentsStoryboard.storyboard; sourceTree = "<group>"; };
		2C6A444D248D3ABA00AA24F8 /* CommentTableViewCell.swift */ = {isa = PBXFileReference; lastKnownFileType = sourcecode.swift; path = CommentTableViewCell.swift; sourceTree = "<group>"; };
		2C6A444E248D3ABA00AA24F8 /* CommentTableViewCell.xib */ = {isa = PBXFileReference; lastKnownFileType = file.xib; path = CommentTableViewCell.xib; sourceTree = "<group>"; };
		2C7FBC06248E178700468A78 /* ExploreViewControllerTests.swift */ = {isa = PBXFileReference; lastKnownFileType = sourcecode.swift; path = ExploreViewControllerTests.swift; sourceTree = "<group>"; };
		2C7FBC07248E178700468A78 /* ExploreInteractorTests.swift */ = {isa = PBXFileReference; lastKnownFileType = sourcecode.swift; path = ExploreInteractorTests.swift; sourceTree = "<group>"; };
		2C7FBC08248E178700468A78 /* ExploreWorkerTests.swift */ = {isa = PBXFileReference; lastKnownFileType = sourcecode.swift; path = ExploreWorkerTests.swift; sourceTree = "<group>"; };
		2C7FBC09248E178700468A78 /* ExplorePresenterTests.swift */ = {isa = PBXFileReference; lastKnownFileType = sourcecode.swift; path = ExplorePresenterTests.swift; sourceTree = "<group>"; };
		2C7FBC0F248E1DD400468A78 /* PhotosViewControllerTests.swift */ = {isa = PBXFileReference; lastKnownFileType = sourcecode.swift; path = PhotosViewControllerTests.swift; sourceTree = "<group>"; };
		2C7FBC10248E1DD400468A78 /* PhotosInteractorTests.swift */ = {isa = PBXFileReference; lastKnownFileType = sourcecode.swift; path = PhotosInteractorTests.swift; sourceTree = "<group>"; };
		2C7FBC11248E1DD400468A78 /* PhotosWorkerTests.swift */ = {isa = PBXFileReference; lastKnownFileType = sourcecode.swift; path = PhotosWorkerTests.swift; sourceTree = "<group>"; };
		2C7FBC12248E1DD400468A78 /* PhotosPresenterTests.swift */ = {isa = PBXFileReference; lastKnownFileType = sourcecode.swift; path = PhotosPresenterTests.swift; sourceTree = "<group>"; };
		2C7FBC18248E1FA100468A78 /* CommentsViewControllerTests.swift */ = {isa = PBXFileReference; lastKnownFileType = sourcecode.swift; path = CommentsViewControllerTests.swift; sourceTree = "<group>"; };
		2C7FBC19248E1FA100468A78 /* CommentsInteractorTests.swift */ = {isa = PBXFileReference; lastKnownFileType = sourcecode.swift; path = CommentsInteractorTests.swift; sourceTree = "<group>"; };
		2C7FBC1A248E1FA100468A78 /* CommentsWorkerTests.swift */ = {isa = PBXFileReference; lastKnownFileType = sourcecode.swift; path = CommentsWorkerTests.swift; sourceTree = "<group>"; };
		2C7FBC1B248E1FA100468A78 /* CommentsPresenterTests.swift */ = {isa = PBXFileReference; lastKnownFileType = sourcecode.swift; path = CommentsPresenterTests.swift; sourceTree = "<group>"; };
		2C7FBC21248E20DC00468A78 /* MainViewControllerTests.swift */ = {isa = PBXFileReference; lastKnownFileType = sourcecode.swift; path = MainViewControllerTests.swift; sourceTree = "<group>"; };
		2C7FBC22248E20DC00468A78 /* MainInteractorTests.swift */ = {isa = PBXFileReference; lastKnownFileType = sourcecode.swift; path = MainInteractorTests.swift; sourceTree = "<group>"; };
		2C7FBC23248E20DC00468A78 /* MainWorkerTests.swift */ = {isa = PBXFileReference; lastKnownFileType = sourcecode.swift; path = MainWorkerTests.swift; sourceTree = "<group>"; };
		2C7FBC24248E20DC00468A78 /* MainPresenterTests.swift */ = {isa = PBXFileReference; lastKnownFileType = sourcecode.swift; path = MainPresenterTests.swift; sourceTree = "<group>"; };
		2C7FBC2A248E249700468A78 /* XCTest+Additions.swift */ = {isa = PBXFileReference; lastKnownFileType = sourcecode.swift; path = "XCTest+Additions.swift"; sourceTree = "<group>"; };
		2CDE75382488F2E000949272 /* JSONPlaceholderapp.app */ = {isa = PBXFileReference; explicitFileType = wrapper.application; includeInIndex = 0; path = JSONPlaceholderapp.app; sourceTree = BUILT_PRODUCTS_DIR; };
		2CDE753B2488F2E000949272 /* AppDelegate.swift */ = {isa = PBXFileReference; lastKnownFileType = sourcecode.swift; path = AppDelegate.swift; sourceTree = "<group>"; };
		2CDE753D2488F2E000949272 /* SceneDelegate.swift */ = {isa = PBXFileReference; lastKnownFileType = sourcecode.swift; path = SceneDelegate.swift; sourceTree = "<group>"; };
		2CDE753F2488F2E000949272 /* BaseViewController.swift */ = {isa = PBXFileReference; lastKnownFileType = sourcecode.swift; path = BaseViewController.swift; sourceTree = "<group>"; };
		2CDE75442488F2E200949272 /* Assets.xcassets */ = {isa = PBXFileReference; lastKnownFileType = folder.assetcatalog; path = Assets.xcassets; sourceTree = "<group>"; };
		2CDE75472488F2E200949272 /* Base */ = {isa = PBXFileReference; lastKnownFileType = file.storyboard; name = Base; path = Base.lproj/LaunchScreen.storyboard; sourceTree = "<group>"; };
		2CDE75492488F2E200949272 /* Info.plist */ = {isa = PBXFileReference; lastKnownFileType = text.plist.xml; path = Info.plist; sourceTree = "<group>"; };
		2CDE754E2488F2E200949272 /* JSONPlaceholderappTests.xctest */ = {isa = PBXFileReference; explicitFileType = wrapper.cfbundle; includeInIndex = 0; path = JSONPlaceholderappTests.xctest; sourceTree = BUILT_PRODUCTS_DIR; };
		2CDE75522488F2E200949272 /* JSONPlaceholderappTests.swift */ = {isa = PBXFileReference; lastKnownFileType = sourcecode.swift; path = JSONPlaceholderappTests.swift; sourceTree = "<group>"; };
		2CDE75542488F2E200949272 /* Info.plist */ = {isa = PBXFileReference; lastKnownFileType = text.plist.xml; path = Info.plist; sourceTree = "<group>"; };
		2CDE755F2488F63D00949272 /* MainPresenter.swift */ = {isa = PBXFileReference; lastKnownFileType = sourcecode.swift; path = MainPresenter.swift; sourceTree = "<group>"; };
		2CDE75602488F63D00949272 /* MainWorker.swift */ = {isa = PBXFileReference; lastKnownFileType = sourcecode.swift; path = MainWorker.swift; sourceTree = "<group>"; };
		2CDE75612488F63D00949272 /* MainRouter.swift */ = {isa = PBXFileReference; lastKnownFileType = sourcecode.swift; path = MainRouter.swift; sourceTree = "<group>"; };
		2CDE75622488F63D00949272 /* MainModels.swift */ = {isa = PBXFileReference; lastKnownFileType = sourcecode.swift; path = MainModels.swift; sourceTree = "<group>"; };
		2CDE75632488F63D00949272 /* MainViewController.swift */ = {isa = PBXFileReference; lastKnownFileType = sourcecode.swift; path = MainViewController.swift; sourceTree = "<group>"; };
		2CDE75642488F63D00949272 /* MainInteractor.swift */ = {isa = PBXFileReference; lastKnownFileType = sourcecode.swift; path = MainInteractor.swift; sourceTree = "<group>"; };
		2CDE756B2488F66F00949272 /* MainStoryboard.storyboard */ = {isa = PBXFileReference; lastKnownFileType = file.storyboard; path = MainStoryboard.storyboard; sourceTree = "<group>"; };
		2CDE756E2488F8D400949272 /* FeedPresenter.swift */ = {isa = PBXFileReference; lastKnownFileType = sourcecode.swift; path = FeedPresenter.swift; sourceTree = "<group>"; };
		2CDE756F2488F8D400949272 /* FeedWorker.swift */ = {isa = PBXFileReference; lastKnownFileType = sourcecode.swift; path = FeedWorker.swift; sourceTree = "<group>"; };
		2CDE75702488F8D400949272 /* FeedRouter.swift */ = {isa = PBXFileReference; lastKnownFileType = sourcecode.swift; path = FeedRouter.swift; sourceTree = "<group>"; };
		2CDE75712488F8D400949272 /* FeedModels.swift */ = {isa = PBXFileReference; lastKnownFileType = sourcecode.swift; path = FeedModels.swift; sourceTree = "<group>"; };
		2CDE75722488F8D400949272 /* FeedViewController.swift */ = {isa = PBXFileReference; lastKnownFileType = sourcecode.swift; path = FeedViewController.swift; sourceTree = "<group>"; };
		2CDE75732488F8D400949272 /* FeedInteractor.swift */ = {isa = PBXFileReference; lastKnownFileType = sourcecode.swift; path = FeedInteractor.swift; sourceTree = "<group>"; };
		2CDE757A2488F8E300949272 /* FeedStoryboard.storyboard */ = {isa = PBXFileReference; lastKnownFileType = file.storyboard; path = FeedStoryboard.storyboard; sourceTree = "<group>"; };
		2CDE757D2488F9CE00949272 /* ExplorePresenter.swift */ = {isa = PBXFileReference; lastKnownFileType = sourcecode.swift; path = ExplorePresenter.swift; sourceTree = "<group>"; };
		2CDE757E2488F9CE00949272 /* ExploreWorker.swift */ = {isa = PBXFileReference; lastKnownFileType = sourcecode.swift; path = ExploreWorker.swift; sourceTree = "<group>"; };
		2CDE757F2488F9CE00949272 /* ExploreRouter.swift */ = {isa = PBXFileReference; lastKnownFileType = sourcecode.swift; path = ExploreRouter.swift; sourceTree = "<group>"; };
		2CDE75802488F9CE00949272 /* ExploreModels.swift */ = {isa = PBXFileReference; lastKnownFileType = sourcecode.swift; path = ExploreModels.swift; sourceTree = "<group>"; };
		2CDE75812488F9CE00949272 /* ExploreViewController.swift */ = {isa = PBXFileReference; lastKnownFileType = sourcecode.swift; path = ExploreViewController.swift; sourceTree = "<group>"; };
		2CDE75822488F9CE00949272 /* ExploreInteractor.swift */ = {isa = PBXFileReference; lastKnownFileType = sourcecode.swift; path = ExploreInteractor.swift; sourceTree = "<group>"; };
		2CDE75892488FA3C00949272 /* ExploreStoryboard.storyboard */ = {isa = PBXFileReference; lastKnownFileType = file.storyboard; path = ExploreStoryboard.storyboard; sourceTree = "<group>"; };
		2CDE758D2488FEA000949272 /* Threads.swift */ = {isa = PBXFileReference; lastKnownFileType = sourcecode.swift; path = Threads.swift; sourceTree = "<group>"; };
		2CDE758F2488FF7000949272 /* String+Additions.swift */ = {isa = PBXFileReference; lastKnownFileType = sourcecode.swift; path = "String+Additions.swift"; sourceTree = "<group>"; };
		2CDE75922488FFFC00949272 /* Localizable.strings */ = {isa = PBXFileReference; lastKnownFileType = text.plist.strings; path = Localizable.strings; sourceTree = "<group>"; };
		2CDE75942489007E00949272 /* Array+Additions.swift */ = {isa = PBXFileReference; lastKnownFileType = sourcecode.swift; path = "Array+Additions.swift"; sourceTree = "<group>"; };
		2CDE75972489076300949272 /* FeedTableViewCell.swift */ = {isa = PBXFileReference; lastKnownFileType = sourcecode.swift; path = FeedTableViewCell.swift; sourceTree = "<group>"; };
		2CDE75982489076300949272 /* FeedTableViewCell.xib */ = {isa = PBXFileReference; lastKnownFileType = file.xib; path = FeedTableViewCell.xib; sourceTree = "<group>"; };
		2CDE759B24890E2600949272 /* UITableView+Additions.swift */ = {isa = PBXFileReference; lastKnownFileType = sourcecode.swift; path = "UITableView+Additions.swift"; sourceTree = "<group>"; };
		2CDE75A1248916E700949272 /* Post.swift */ = {isa = PBXFileReference; lastKnownFileType = sourcecode.swift; path = Post.swift; sourceTree = "<group>"; };
		2CE2BD1A248C03620064A8EE /* PostRepository.swift */ = {isa = PBXFileReference; lastKnownFileType = sourcecode.swift; path = PostRepository.swift; sourceTree = "<group>"; };
		2CE2BD1C248C03E30064A8EE /* LocalPostRepository.swift */ = {isa = PBXFileReference; lastKnownFileType = sourcecode.swift; path = LocalPostRepository.swift; sourceTree = "<group>"; };
		2CE2BD1E248C043E0064A8EE /* APIPostRepository.swift */ = {isa = PBXFileReference; lastKnownFileType = sourcecode.swift; path = APIPostRepository.swift; sourceTree = "<group>"; };
		2CE2BD22248C106E0064A8EE /* APIBaseRepository.swift */ = {isa = PBXFileReference; lastKnownFileType = sourcecode.swift; path = APIBaseRepository.swift; sourceTree = "<group>"; };
		2CE2BD29248C19120064A8EE /* UserRepository.swift */ = {isa = PBXFileReference; lastKnownFileType = sourcecode.swift; path = UserRepository.swift; sourceTree = "<group>"; };
		2CE2BD2B248C19990064A8EE /* APIUserRepository.swift */ = {isa = PBXFileReference; lastKnownFileType = sourcecode.swift; path = APIUserRepository.swift; sourceTree = "<group>"; };
		2CE2BD2D248C1A5A0064A8EE /* LocalUserRepository.swift */ = {isa = PBXFileReference; lastKnownFileType = sourcecode.swift; path = LocalUserRepository.swift; sourceTree = "<group>"; };
		2CE2BD3D248C2ACC0064A8EE /* ProfilePresenter.swift */ = {isa = PBXFileReference; lastKnownFileType = sourcecode.swift; path = ProfilePresenter.swift; sourceTree = "<group>"; };
		2CE2BD3E248C2ACC0064A8EE /* ProfileWorker.swift */ = {isa = PBXFileReference; lastKnownFileType = sourcecode.swift; path = ProfileWorker.swift; sourceTree = "<group>"; };
		2CE2BD3F248C2ACC0064A8EE /* ProfileRouter.swift */ = {isa = PBXFileReference; lastKnownFileType = sourcecode.swift; path = ProfileRouter.swift; sourceTree = "<group>"; };
		2CE2BD40248C2ACC0064A8EE /* ProfileModels.swift */ = {isa = PBXFileReference; lastKnownFileType = sourcecode.swift; path = ProfileModels.swift; sourceTree = "<group>"; };
		2CE2BD41248C2ACC0064A8EE /* ProfileViewController.swift */ = {isa = PBXFileReference; lastKnownFileType = sourcecode.swift; path = ProfileViewController.swift; sourceTree = "<group>"; };
		2CE2BD42248C2ACC0064A8EE /* ProfileInteractor.swift */ = {isa = PBXFileReference; lastKnownFileType = sourcecode.swift; path = ProfileInteractor.swift; sourceTree = "<group>"; };
		2CE2BD49248C2AEB0064A8EE /* ProfileStoryboard.storyboard */ = {isa = PBXFileReference; lastKnownFileType = file.storyboard; path = ProfileStoryboard.storyboard; sourceTree = "<group>"; };
		2CEC728C248CEE2F00BA523F /* AlbumTableViewCell.swift */ = {isa = PBXFileReference; lastKnownFileType = sourcecode.swift; path = AlbumTableViewCell.swift; sourceTree = "<group>"; };
		2CEC728D248CEE2F00BA523F /* AlbumTableViewCell.xib */ = {isa = PBXFileReference; lastKnownFileType = file.xib; path = AlbumTableViewCell.xib; sourceTree = "<group>"; };
		2CEC7291248CF56D00BA523F /* IntrinsicHeightTableView.swift */ = {isa = PBXFileReference; lastKnownFileType = sourcecode.swift; path = IntrinsicHeightTableView.swift; sourceTree = "<group>"; };
		2CEC7293248CF95600BA523F /* TodoTableViewCell.swift */ = {isa = PBXFileReference; lastKnownFileType = sourcecode.swift; path = TodoTableViewCell.swift; sourceTree = "<group>"; };
		2CEC7294248CF95600BA523F /* TodoTableViewCell.xib */ = {isa = PBXFileReference; lastKnownFileType = file.xib; path = TodoTableViewCell.xib; sourceTree = "<group>"; };
		2CEC7298248D114A00BA523F /* PhotosPresenter.swift */ = {isa = PBXFileReference; lastKnownFileType = sourcecode.swift; path = PhotosPresenter.swift; sourceTree = "<group>"; };
		2CEC7299248D114A00BA523F /* PhotosWorker.swift */ = {isa = PBXFileReference; lastKnownFileType = sourcecode.swift; path = PhotosWorker.swift; sourceTree = "<group>"; };
		2CEC729A248D114A00BA523F /* PhotosRouter.swift */ = {isa = PBXFileReference; lastKnownFileType = sourcecode.swift; path = PhotosRouter.swift; sourceTree = "<group>"; };
		2CEC729B248D114A00BA523F /* PhotosModels.swift */ = {isa = PBXFileReference; lastKnownFileType = sourcecode.swift; path = PhotosModels.swift; sourceTree = "<group>"; };
		2CEC729C248D114A00BA523F /* PhotosViewController.swift */ = {isa = PBXFileReference; lastKnownFileType = sourcecode.swift; path = PhotosViewController.swift; sourceTree = "<group>"; };
		2CEC729D248D114A00BA523F /* PhotosInteractor.swift */ = {isa = PBXFileReference; lastKnownFileType = sourcecode.swift; path = PhotosInteractor.swift; sourceTree = "<group>"; };
		2CEC72A4248D11CE00BA523F /* PhotosStoryboard.storyboard */ = {isa = PBXFileReference; lastKnownFileType = file.storyboard; path = PhotosStoryboard.storyboard; sourceTree = "<group>"; };
		2CEC72A6248D18A900BA523F /* Photo.swift */ = {isa = PBXFileReference; lastKnownFileType = sourcecode.swift; path = Photo.swift; sourceTree = "<group>"; };
		2CEC72A9248D1A4600BA523F /* PhotoRepository.swift */ = {isa = PBXFileReference; lastKnownFileType = sourcecode.swift; path = PhotoRepository.swift; sourceTree = "<group>"; };
		2CEC72AB248D1A4F00BA523F /* APIPhotoRepository.swift */ = {isa = PBXFileReference; lastKnownFileType = sourcecode.swift; path = APIPhotoRepository.swift; sourceTree = "<group>"; };
		2DCBA049F5409DF7A737944C /* Pods-JSONPlaceholderapp.debug.xcconfig */ = {isa = PBXFileReference; includeInIndex = 1; lastKnownFileType = text.xcconfig; name = "Pods-JSONPlaceholderapp.debug.xcconfig"; path = "Target Support Files/Pods-JSONPlaceholderapp/Pods-JSONPlaceholderapp.debug.xcconfig"; sourceTree = "<group>"; };
		4C175DD53A78F9453B0108AA /* Pods-JSONPlaceholderappTests.release.xcconfig */ = {isa = PBXFileReference; includeInIndex = 1; lastKnownFileType = text.xcconfig; name = "Pods-JSONPlaceholderappTests.release.xcconfig"; path = "Target Support Files/Pods-JSONPlaceholderappTests/Pods-JSONPlaceholderappTests.release.xcconfig"; sourceTree = "<group>"; };
		BBEB4BA9F17B6861588F308D /* Pods-JSONPlaceholderapp.release.xcconfig */ = {isa = PBXFileReference; includeInIndex = 1; lastKnownFileType = text.xcconfig; name = "Pods-JSONPlaceholderapp.release.xcconfig"; path = "Target Support Files/Pods-JSONPlaceholderapp/Pods-JSONPlaceholderapp.release.xcconfig"; sourceTree = "<group>"; };
		BFA2BA0EB2504B63ACF97686 /* Pods_JSONPlaceholderapp.framework */ = {isa = PBXFileReference; explicitFileType = wrapper.framework; includeInIndex = 0; path = Pods_JSONPlaceholderapp.framework; sourceTree = BUILT_PRODUCTS_DIR; };
		D31E8BCBDF409AB4722672ED /* Pods_JSONPlaceholderappTests.framework */ = {isa = PBXFileReference; explicitFileType = wrapper.framework; includeInIndex = 0; path = Pods_JSONPlaceholderappTests.framework; sourceTree = BUILT_PRODUCTS_DIR; };
/* End PBXFileReference section */

/* Begin PBXFrameworksBuildPhase section */
		2CDE75352488F2E000949272 /* Frameworks */ = {
			isa = PBXFrameworksBuildPhase;
			buildActionMask = 2147483647;
			files = (
				EA682F194B734A1B40623BB8 /* Pods_JSONPlaceholderapp.framework in Frameworks */,
			);
			runOnlyForDeploymentPostprocessing = 0;
		};
		2CDE754B2488F2E200949272 /* Frameworks */ = {
			isa = PBXFrameworksBuildPhase;
			buildActionMask = 2147483647;
			files = (
				B0156E0BDF5409C36FFA10BE /* Pods_JSONPlaceholderappTests.framework in Frameworks */,
			);
			runOnlyForDeploymentPostprocessing = 0;
		};
/* End PBXFrameworksBuildPhase section */

/* Begin PBXGroup section */
		2C57F168248A2693007FF471 /* Managers */ = {
			isa = PBXGroup;
			children = (
				2C57F16B248A2AB7007FF471 /* PostsManager.swift */,
				2C57F16F248A331E007FF471 /* UsersManager.swift */,
			);
			path = Managers;
			sourceTree = "<group>";
		};
		2C57F171248A3E01007FF471 /* View */ = {
			isa = PBXGroup;
			children = (
				2C57F172248A3E84007FF471 /* ExploreCollectionViewCell.swift */,
				2C57F173248A3E84007FF471 /* ExploreCollectionViewCell.xib */,
			);
			path = View;
			sourceTree = "<group>";
		};
		2C67A3AA248D3FE300D2E2DE /* Scenes */ = {
			isa = PBXGroup;
			children = (
				2C7FBC20248E20BB00468A78 /* MainScene */,
				2C67A3B4248D80B200D2E2DE /* FeedScene */,
				2C7FBC05248E176E00468A78 /* ExploreScene */,
				2C67A3AB248D3FF100D2E2DE /* ProfileScene */,
				2C7FBC0E248E1DB300468A78 /* PhotosScene */,
				2C7FBC17248E1F7E00468A78 /* CommentsScene */,
			);
			path = Scenes;
			sourceTree = "<group>";
		};
		2C67A3AB248D3FF100D2E2DE /* ProfileScene */ = {
			isa = PBXGroup;
			children = (
				2C67A3AC248D401000D2E2DE /* ProfileViewControllerTests.swift */,
				2C67A3AD248D401000D2E2DE /* ProfileInteractorTests.swift */,
				2C67A3AE248D401000D2E2DE /* ProfileWorkerTests.swift */,
				2C67A3AF248D401000D2E2DE /* ProfilePresenterTests.swift */,
			);
			path = ProfileScene;
			sourceTree = "<group>";
		};
		2C67A3B4248D80B200D2E2DE /* FeedScene */ = {
			isa = PBXGroup;
			children = (
				2C67A3B5248D820100D2E2DE /* FeedViewControllerTests.swift */,
				2C67A3B6248D820100D2E2DE /* FeedInteractorTests.swift */,
				2C67A3B7248D820100D2E2DE /* FeedWorkerTests.swift */,
				2C67A3B8248D820100D2E2DE /* FeedPresenterTests.swift */,
			);
			path = FeedScene;
			sourceTree = "<group>";
		};
		2C69AC2D248CCF01009B2E24 /* Albums */ = {
			isa = PBXGroup;
			children = (
				2C69AC37248CD419009B2E24 /* AlbumRepository.swift */,
				2C69AC39248CD422009B2E24 /* APIAlbumRepository.swift */,
			);
			path = Albums;
			sourceTree = "<group>";
		};
		2C69AC2E248CCF09009B2E24 /* Todos */ = {
			isa = PBXGroup;
			children = (
				2C69AC2F248CCF4C009B2E24 /* TodoRepository.swift */,
				2C69AC35248CD187009B2E24 /* APITodoRepository.swift */,
			);
			path = Todos;
			sourceTree = "<group>";
		};
		2C6A4430248D24EB00AA24F8 /* View */ = {
			isa = PBXGroup;
			children = (
				2C6A4431248D250200AA24F8 /* PhotoCollectionViewCell.swift */,
				2C6A4432248D250200AA24F8 /* PhotoCollectionViewCell.xib */,
			);
			path = View;
			sourceTree = "<group>";
		};
		2C6A4437248D2EDF00AA24F8 /* Comments */ = {
			isa = PBXGroup;
			children = (
				2C6A4438248D2EFE00AA24F8 /* CommentRepository.swift */,
				2C6A443A248D2F0A00AA24F8 /* APICommentRepository.swift */,
			);
			path = Comments;
			sourceTree = "<group>";
		};
		2C6A443E248D365B00AA24F8 /* CommentsScene */ = {
			isa = PBXGroup;
			children = (
				2C6A4451248D3AC500AA24F8 /* View */,
				2C6A443F248D367700AA24F8 /* CommentsPresenter.swift */,
				2C6A4440248D367700AA24F8 /* CommentsWorker.swift */,
				2C6A4441248D367700AA24F8 /* CommentsRouter.swift */,
				2C6A4442248D367700AA24F8 /* CommentsModels.swift */,
				2C6A4443248D367700AA24F8 /* CommentsViewController.swift */,
				2C6A4444248D367700AA24F8 /* CommentsInteractor.swift */,
				2C6A444B248D37AF00AA24F8 /* CommentsStoryboard.storyboard */,
			);
			path = CommentsScene;
			sourceTree = "<group>";
		};
		2C6A4451248D3AC500AA24F8 /* View */ = {
			isa = PBXGroup;
			children = (
				2C6A444D248D3ABA00AA24F8 /* CommentTableViewCell.swift */,
				2C6A444E248D3ABA00AA24F8 /* CommentTableViewCell.xib */,
			);
			path = View;
			sourceTree = "<group>";
		};
		2C7FBC05248E176E00468A78 /* ExploreScene */ = {
			isa = PBXGroup;
			children = (
				2C7FBC06248E178700468A78 /* ExploreViewControllerTests.swift */,
				2C7FBC07248E178700468A78 /* ExploreInteractorTests.swift */,
				2C7FBC08248E178700468A78 /* ExploreWorkerTests.swift */,
				2C7FBC09248E178700468A78 /* ExplorePresenterTests.swift */,
			);
			path = ExploreScene;
			sourceTree = "<group>";
		};
		2C7FBC0E248E1DB300468A78 /* PhotosScene */ = {
			isa = PBXGroup;
			children = (
				2C7FBC0F248E1DD400468A78 /* PhotosViewControllerTests.swift */,
				2C7FBC10248E1DD400468A78 /* PhotosInteractorTests.swift */,
				2C7FBC11248E1DD400468A78 /* PhotosWorkerTests.swift */,
				2C7FBC12248E1DD400468A78 /* PhotosPresenterTests.swift */,
			);
			path = PhotosScene;
			sourceTree = "<group>";
		};
		2C7FBC17248E1F7E00468A78 /* CommentsScene */ = {
			isa = PBXGroup;
			children = (
				2C7FBC18248E1FA100468A78 /* CommentsViewControllerTests.swift */,
				2C7FBC19248E1FA100468A78 /* CommentsInteractorTests.swift */,
				2C7FBC1A248E1FA100468A78 /* CommentsWorkerTests.swift */,
				2C7FBC1B248E1FA100468A78 /* CommentsPresenterTests.swift */,
			);
			path = CommentsScene;
			sourceTree = "<group>";
		};
		2C7FBC20248E20BB00468A78 /* MainScene */ = {
			isa = PBXGroup;
			children = (
				2C7FBC21248E20DC00468A78 /* MainViewControllerTests.swift */,
				2C7FBC22248E20DC00468A78 /* MainInteractorTests.swift */,
				2C7FBC23248E20DC00468A78 /* MainWorkerTests.swift */,
				2C7FBC24248E20DC00468A78 /* MainPresenterTests.swift */,
			);
			path = MainScene;
			sourceTree = "<group>";
		};
		2C7FBC29248E247500468A78 /* Extensions */ = {
			isa = PBXGroup;
			children = (
				2C7FBC2A248E249700468A78 /* XCTest+Additions.swift */,
			);
			path = Extensions;
			sourceTree = "<group>";
		};
		2CDE752F2488F2E000949272 = {
			isa = PBXGroup;
			children = (
				2CDE753A2488F2E000949272 /* JSONPlaceholderapp */,
				2CDE75512488F2E200949272 /* JSONPlaceholderappTests */,
				2CDE75392488F2E000949272 /* Products */,
				E46B20FBF743EF22269D6BDB /* Pods */,
				CE2DE03C4EF8F3DF54970057 /* Frameworks */,
			);
			sourceTree = "<group>";
		};
		2CDE75392488F2E000949272 /* Products */ = {
			isa = PBXGroup;
			children = (
				2CDE75382488F2E000949272 /* JSONPlaceholderapp.app */,
				2CDE754E2488F2E200949272 /* JSONPlaceholderappTests.xctest */,
			);
			name = Products;
			sourceTree = "<group>";
		};
		2CDE753A2488F2E000949272 /* JSONPlaceholderapp */ = {
			isa = PBXGroup;
			children = (
				2CDE755D2488F5A500949272 /* Scenes */,
				2CDE759D2489139A00949272 /* Networking */,
				2CEC7290248CF54700BA523F /* Components */,
				2CDE758B2488FDE900949272 /* Utils */,
				2C57F168248A2693007FF471 /* Managers */,
				2CE2BD19248C03470064A8EE /* Repositories */,
				2CDE758C2488FDEF00949272 /* Extensions */,
				2CDE75912488FFCA00949272 /* i18n */,
				2CDE753B2488F2E000949272 /* AppDelegate.swift */,
				2CDE753D2488F2E000949272 /* SceneDelegate.swift */,
				2CDE75442488F2E200949272 /* Assets.xcassets */,
				2CDE75462488F2E200949272 /* LaunchScreen.storyboard */,
				2CDE75492488F2E200949272 /* Info.plist */,
			);
			path = JSONPlaceholderapp;
			sourceTree = "<group>";
		};
		2CDE75512488F2E200949272 /* JSONPlaceholderappTests */ = {
			isa = PBXGroup;
			children = (
				2C67A3AA248D3FE300D2E2DE /* Scenes */,
				2C7FBC29248E247500468A78 /* Extensions */,
				2CDE75522488F2E200949272 /* JSONPlaceholderappTests.swift */,
				2CDE75542488F2E200949272 /* Info.plist */,
			);
			path = JSONPlaceholderappTests;
			sourceTree = "<group>";
		};
		2CDE755D2488F5A500949272 /* Scenes */ = {
			isa = PBXGroup;
			children = (
				2CDE753F2488F2E000949272 /* BaseViewController.swift */,
				2CDE755E2488F5E100949272 /* MainScene */,
				2CDE756D2488F8AA00949272 /* FeedScene */,
				2CDE757C2488F94D00949272 /* ExploreScene */,
				2CE2BD3C248C2A860064A8EE /* ProfileScene */,
				2CEC7297248D112100BA523F /* PhotosScene */,
				2C6A443E248D365B00AA24F8 /* CommentsScene */,
			);
			path = Scenes;
			sourceTree = "<group>";
		};
		2CDE755E2488F5E100949272 /* MainScene */ = {
			isa = PBXGroup;
			children = (
				2CDE755F2488F63D00949272 /* MainPresenter.swift */,
				2CDE75602488F63D00949272 /* MainWorker.swift */,
				2CDE75612488F63D00949272 /* MainRouter.swift */,
				2CDE75622488F63D00949272 /* MainModels.swift */,
				2CDE75632488F63D00949272 /* MainViewController.swift */,
				2CDE75642488F63D00949272 /* MainInteractor.swift */,
				2CDE756B2488F66F00949272 /* MainStoryboard.storyboard */,
			);
			path = MainScene;
			sourceTree = "<group>";
		};
		2CDE756D2488F8AA00949272 /* FeedScene */ = {
			isa = PBXGroup;
			children = (
				2CDE75962489069B00949272 /* View */,
				2CDE756E2488F8D400949272 /* FeedPresenter.swift */,
				2CDE756F2488F8D400949272 /* FeedWorker.swift */,
				2CDE75702488F8D400949272 /* FeedRouter.swift */,
				2CDE75712488F8D400949272 /* FeedModels.swift */,
				2CDE75722488F8D400949272 /* FeedViewController.swift */,
				2CDE75732488F8D400949272 /* FeedInteractor.swift */,
				2CDE757A2488F8E300949272 /* FeedStoryboard.storyboard */,
			);
			path = FeedScene;
			sourceTree = "<group>";
		};
		2CDE757C2488F94D00949272 /* ExploreScene */ = {
			isa = PBXGroup;
			children = (
				2C57F171248A3E01007FF471 /* View */,
				2CDE757D2488F9CE00949272 /* ExplorePresenter.swift */,
				2CDE757E2488F9CE00949272 /* ExploreWorker.swift */,
				2CDE757F2488F9CE00949272 /* ExploreRouter.swift */,
				2CDE75802488F9CE00949272 /* ExploreModels.swift */,
				2CDE75812488F9CE00949272 /* ExploreViewController.swift */,
				2CDE75822488F9CE00949272 /* ExploreInteractor.swift */,
				2CDE75892488FA3C00949272 /* ExploreStoryboard.storyboard */,
			);
			path = ExploreScene;
			sourceTree = "<group>";
		};
		2CDE758B2488FDE900949272 /* Utils */ = {
			isa = PBXGroup;
			children = (
				2CDE758D2488FEA000949272 /* Threads.swift */,
				2C69AC3D248CE052009B2E24 /* Constants.swift */,
			);
			path = Utils;
			sourceTree = "<group>";
		};
		2CDE758C2488FDEF00949272 /* Extensions */ = {
			isa = PBXGroup;
			children = (
				2CDE758F2488FF7000949272 /* String+Additions.swift */,
				2CDE75942489007E00949272 /* Array+Additions.swift */,
				2CDE759B24890E2600949272 /* UITableView+Additions.swift */,
				2C57F176248A4132007FF471 /* UICollectionView+Additions.swift */,
			);
			path = Extensions;
			sourceTree = "<group>";
		};
		2CDE75912488FFCA00949272 /* i18n */ = {
			isa = PBXGroup;
			children = (
				2CDE75922488FFFC00949272 /* Localizable.strings */,
			);
			path = i18n;
			sourceTree = "<group>";
		};
		2CDE75962489069B00949272 /* View */ = {
			isa = PBXGroup;
			children = (
				2CDE75972489076300949272 /* FeedTableViewCell.swift */,
				2CDE75982489076300949272 /* FeedTableViewCell.xib */,
			);
			path = View;
			sourceTree = "<group>";
		};
		2CDE759D2489139A00949272 /* Networking */ = {
			isa = PBXGroup;
			children = (
				2CDE75A0248916DD00949272 /* Models */,
			);
			path = Networking;
			sourceTree = "<group>";
		};
		2CDE75A0248916DD00949272 /* Models */ = {
			isa = PBXGroup;
			children = (
				2CDE75A1248916E700949272 /* Post.swift */,
				2C57F16D248A2F91007FF471 /* User.swift */,
				2C69AC31248CCFA4009B2E24 /* Todo.swift */,
				2C69AC33248CD02B009B2E24 /* Album.swift */,
				2CEC72A6248D18A900BA523F /* Photo.swift */,
				2C6A443C248D2F3300AA24F8 /* Comment.swift */,
			);
			path = Models;
			sourceTree = "<group>";
		};
		2CE2BD19248C03470064A8EE /* Repositories */ = {
			isa = PBXGroup;
			children = (
				2CE2BD22248C106E0064A8EE /* APIBaseRepository.swift */,
				2CE2BD24248C166F0064A8EE /* Posts */,
				2CE2BD28248C19020064A8EE /* Users */,
				2C69AC2E248CCF09009B2E24 /* Todos */,
				2C69AC2D248CCF01009B2E24 /* Albums */,
				2CEC72A8248D1A1E00BA523F /* Photos */,
				2C6A4437248D2EDF00AA24F8 /* Comments */,
			);
			path = Repositories;
			sourceTree = "<group>";
		};
		2CE2BD24248C166F0064A8EE /* Posts */ = {
			isa = PBXGroup;
			children = (
				2CE2BD1A248C03620064A8EE /* PostRepository.swift */,
				2CE2BD1C248C03E30064A8EE /* LocalPostRepository.swift */,
				2CE2BD1E248C043E0064A8EE /* APIPostRepository.swift */,
			);
			path = Posts;
			sourceTree = "<group>";
		};
		2CE2BD28248C19020064A8EE /* Users */ = {
			isa = PBXGroup;
			children = (
				2CE2BD29248C19120064A8EE /* UserRepository.swift */,
				2CE2BD2B248C19990064A8EE /* APIUserRepository.swift */,
				2CE2BD2D248C1A5A0064A8EE /* LocalUserRepository.swift */,
			);
			path = Users;
			sourceTree = "<group>";
		};
		2CE2BD3C248C2A860064A8EE /* ProfileScene */ = {
			isa = PBXGroup;
			children = (
				2CEC728B248CEE0E00BA523F /* View */,
				2CE2BD3D248C2ACC0064A8EE /* ProfilePresenter.swift */,
				2CE2BD3E248C2ACC0064A8EE /* ProfileWorker.swift */,
				2CE2BD3F248C2ACC0064A8EE /* ProfileRouter.swift */,
				2CE2BD40248C2ACC0064A8EE /* ProfileModels.swift */,
				2CE2BD41248C2ACC0064A8EE /* ProfileViewController.swift */,
				2CE2BD42248C2ACC0064A8EE /* ProfileInteractor.swift */,
				2CE2BD49248C2AEB0064A8EE /* ProfileStoryboard.storyboard */,
			);
			path = ProfileScene;
			sourceTree = "<group>";
		};
		2CEC728B248CEE0E00BA523F /* View */ = {
			isa = PBXGroup;
			children = (
				2CEC728C248CEE2F00BA523F /* AlbumTableViewCell.swift */,
				2CEC728D248CEE2F00BA523F /* AlbumTableViewCell.xib */,
				2CEC7293248CF95600BA523F /* TodoTableViewCell.swift */,
				2CEC7294248CF95600BA523F /* TodoTableViewCell.xib */,
			);
			path = View;
			sourceTree = "<group>";
		};
		2CEC7290248CF54700BA523F /* Components */ = {
			isa = PBXGroup;
			children = (
				2CEC7291248CF56D00BA523F /* IntrinsicHeightTableView.swift */,
			);
			path = Components;
			sourceTree = "<group>";
		};
		2CEC7297248D112100BA523F /* PhotosScene */ = {
			isa = PBXGroup;
			children = (
				2C6A4430248D24EB00AA24F8 /* View */,
				2CEC7298248D114A00BA523F /* PhotosPresenter.swift */,
				2CEC7299248D114A00BA523F /* PhotosWorker.swift */,
				2CEC729A248D114A00BA523F /* PhotosRouter.swift */,
				2CEC729B248D114A00BA523F /* PhotosModels.swift */,
				2CEC729C248D114A00BA523F /* PhotosViewController.swift */,
				2CEC729D248D114A00BA523F /* PhotosInteractor.swift */,
				2CEC72A4248D11CE00BA523F /* PhotosStoryboard.storyboard */,
			);
			path = PhotosScene;
			sourceTree = "<group>";
		};
		2CEC72A8248D1A1E00BA523F /* Photos */ = {
			isa = PBXGroup;
			children = (
				2CEC72A9248D1A4600BA523F /* PhotoRepository.swift */,
				2CEC72AB248D1A4F00BA523F /* APIPhotoRepository.swift */,
			);
			path = Photos;
			sourceTree = "<group>";
		};
		CE2DE03C4EF8F3DF54970057 /* Frameworks */ = {
			isa = PBXGroup;
			children = (
				BFA2BA0EB2504B63ACF97686 /* Pods_JSONPlaceholderapp.framework */,
				D31E8BCBDF409AB4722672ED /* Pods_JSONPlaceholderappTests.framework */,
			);
			name = Frameworks;
			sourceTree = "<group>";
		};
		E46B20FBF743EF22269D6BDB /* Pods */ = {
			isa = PBXGroup;
			children = (
				2DCBA049F5409DF7A737944C /* Pods-JSONPlaceholderapp.debug.xcconfig */,
				BBEB4BA9F17B6861588F308D /* Pods-JSONPlaceholderapp.release.xcconfig */,
				1ADEDAAE5423E5F1D5308DA9 /* Pods-JSONPlaceholderappTests.debug.xcconfig */,
				4C175DD53A78F9453B0108AA /* Pods-JSONPlaceholderappTests.release.xcconfig */,
			);
			path = Pods;
			sourceTree = "<group>";
		};
/* End PBXGroup section */

/* Begin PBXNativeTarget section */
		2CDE75372488F2E000949272 /* JSONPlaceholderapp */ = {
			isa = PBXNativeTarget;
			buildConfigurationList = 2CDE75572488F2E200949272 /* Build configuration list for PBXNativeTarget "JSONPlaceholderapp" */;
			buildPhases = (
				AC2AA407BA60FA1A37858737 /* [CP] Check Pods Manifest.lock */,
				2CDE75342488F2E000949272 /* Sources */,
				2CDE75352488F2E000949272 /* Frameworks */,
				2CDE75362488F2E000949272 /* Resources */,
				284F128A8C8ECFA74659ED14 /* [CP] Embed Pods Frameworks */,
			);
			buildRules = (
			);
			dependencies = (
			);
			name = JSONPlaceholderapp;
			productName = JSONPlaceholderapp;
			productReference = 2CDE75382488F2E000949272 /* JSONPlaceholderapp.app */;
			productType = "com.apple.product-type.application";
		};
		2CDE754D2488F2E200949272 /* JSONPlaceholderappTests */ = {
			isa = PBXNativeTarget;
			buildConfigurationList = 2CDE755A2488F2E200949272 /* Build configuration list for PBXNativeTarget "JSONPlaceholderappTests" */;
			buildPhases = (
				FCE423C946A4E684EBA74CB2 /* [CP] Check Pods Manifest.lock */,
				2CDE754A2488F2E200949272 /* Sources */,
				2CDE754B2488F2E200949272 /* Frameworks */,
				2CDE754C2488F2E200949272 /* Resources */,
			);
			buildRules = (
			);
			dependencies = (
				2CDE75502488F2E200949272 /* PBXTargetDependency */,
			);
			name = JSONPlaceholderappTests;
			productName = JSONPlaceholderappTests;
			productReference = 2CDE754E2488F2E200949272 /* JSONPlaceholderappTests.xctest */;
			productType = "com.apple.product-type.bundle.unit-test";
		};
/* End PBXNativeTarget section */

/* Begin PBXProject section */
		2CDE75302488F2E000949272 /* Project object */ = {
			isa = PBXProject;
			attributes = {
				LastSwiftUpdateCheck = 1110;
				LastUpgradeCheck = 1110;
				ORGANIZATIONNAME = "Iván Díaz Molina";
				TargetAttributes = {
					2CDE75372488F2E000949272 = {
						CreatedOnToolsVersion = 11.1;
					};
					2CDE754D2488F2E200949272 = {
						CreatedOnToolsVersion = 11.1;
						TestTargetID = 2CDE75372488F2E000949272;
					};
				};
			};
			buildConfigurationList = 2CDE75332488F2E000949272 /* Build configuration list for PBXProject "JSONPlaceholderapp" */;
			compatibilityVersion = "Xcode 9.3";
			developmentRegion = en;
			hasScannedForEncodings = 0;
			knownRegions = (
				en,
				Base,
			);
			mainGroup = 2CDE752F2488F2E000949272;
			productRefGroup = 2CDE75392488F2E000949272 /* Products */;
			projectDirPath = "";
			projectRoot = "";
			targets = (
				2CDE75372488F2E000949272 /* JSONPlaceholderapp */,
				2CDE754D2488F2E200949272 /* JSONPlaceholderappTests */,
			);
		};
/* End PBXProject section */

/* Begin PBXResourcesBuildPhase section */
		2CDE75362488F2E000949272 /* Resources */ = {
			isa = PBXResourcesBuildPhase;
			buildActionMask = 2147483647;
			files = (
				2CEC72A5248D11CE00BA523F /* PhotosStoryboard.storyboard in Resources */,
				2CDE75482488F2E200949272 /* LaunchScreen.storyboard in Resources */,
				2CDE75932488FFFC00949272 /* Localizable.strings in Resources */,
				2CDE75452488F2E200949272 /* Assets.xcassets in Resources */,
				2C6A4450248D3ABA00AA24F8 /* CommentTableViewCell.xib in Resources */,
				2CEC7296248CF95600BA523F /* TodoTableViewCell.xib in Resources */,
				2CEC728F248CEE2F00BA523F /* AlbumTableViewCell.xib in Resources */,
				2CDE756C2488F66F00949272 /* MainStoryboard.storyboard in Resources */,
				2C6A444C248D37AF00AA24F8 /* CommentsStoryboard.storyboard in Resources */,
				2C57F175248A3E84007FF471 /* ExploreCollectionViewCell.xib in Resources */,
				2C6A4434248D250200AA24F8 /* PhotoCollectionViewCell.xib in Resources */,
				2CDE757B2488F8E300949272 /* FeedStoryboard.storyboard in Resources */,
				2CE2BD4A248C2AEB0064A8EE /* ProfileStoryboard.storyboard in Resources */,
				2CDE758A2488FA3C00949272 /* ExploreStoryboard.storyboard in Resources */,
				2CDE759A2489076300949272 /* FeedTableViewCell.xib in Resources */,
			);
			runOnlyForDeploymentPostprocessing = 0;
		};
		2CDE754C2488F2E200949272 /* Resources */ = {
			isa = PBXResourcesBuildPhase;
			buildActionMask = 2147483647;
			files = (
			);
			runOnlyForDeploymentPostprocessing = 0;
		};
/* End PBXResourcesBuildPhase section */

/* Begin PBXShellScriptBuildPhase section */
		284F128A8C8ECFA74659ED14 /* [CP] Embed Pods Frameworks */ = {
			isa = PBXShellScriptBuildPhase;
			buildActionMask = 2147483647;
			files = (
			);
			inputFileListPaths = (
				"${PODS_ROOT}/Target Support Files/Pods-JSONPlaceholderapp/Pods-JSONPlaceholderapp-frameworks-${CONFIGURATION}-input-files.xcfilelist",
			);
			name = "[CP] Embed Pods Frameworks";
			outputFileListPaths = (
				"${PODS_ROOT}/Target Support Files/Pods-JSONPlaceholderapp/Pods-JSONPlaceholderapp-frameworks-${CONFIGURATION}-output-files.xcfilelist",
			);
			runOnlyForDeploymentPostprocessing = 0;
			shellPath = /bin/sh;
			shellScript = "\"${PODS_ROOT}/Target Support Files/Pods-JSONPlaceholderapp/Pods-JSONPlaceholderapp-frameworks.sh\"\n";
			showEnvVarsInLog = 0;
		};
		AC2AA407BA60FA1A37858737 /* [CP] Check Pods Manifest.lock */ = {
			isa = PBXShellScriptBuildPhase;
			buildActionMask = 2147483647;
			files = (
			);
			inputFileListPaths = (
			);
			inputPaths = (
				"${PODS_PODFILE_DIR_PATH}/Podfile.lock",
				"${PODS_ROOT}/Manifest.lock",
			);
			name = "[CP] Check Pods Manifest.lock";
			outputFileListPaths = (
			);
			outputPaths = (
				"$(DERIVED_FILE_DIR)/Pods-JSONPlaceholderapp-checkManifestLockResult.txt",
			);
			runOnlyForDeploymentPostprocessing = 0;
			shellPath = /bin/sh;
			shellScript = "diff \"${PODS_PODFILE_DIR_PATH}/Podfile.lock\" \"${PODS_ROOT}/Manifest.lock\" > /dev/null\nif [ $? != 0 ] ; then\n    # print error to STDERR\n    echo \"error: The sandbox is not in sync with the Podfile.lock. Run 'pod install' or update your CocoaPods installation.\" >&2\n    exit 1\nfi\n# This output is used by Xcode 'outputs' to avoid re-running this script phase.\necho \"SUCCESS\" > \"${SCRIPT_OUTPUT_FILE_0}\"\n";
			showEnvVarsInLog = 0;
		};
		FCE423C946A4E684EBA74CB2 /* [CP] Check Pods Manifest.lock */ = {
			isa = PBXShellScriptBuildPhase;
			buildActionMask = 2147483647;
			files = (
			);
			inputFileListPaths = (
			);
			inputPaths = (
				"${PODS_PODFILE_DIR_PATH}/Podfile.lock",
				"${PODS_ROOT}/Manifest.lock",
			);
			name = "[CP] Check Pods Manifest.lock";
			outputFileListPaths = (
			);
			outputPaths = (
				"$(DERIVED_FILE_DIR)/Pods-JSONPlaceholderappTests-checkManifestLockResult.txt",
			);
			runOnlyForDeploymentPostprocessing = 0;
			shellPath = /bin/sh;
			shellScript = "diff \"${PODS_PODFILE_DIR_PATH}/Podfile.lock\" \"${PODS_ROOT}/Manifest.lock\" > /dev/null\nif [ $? != 0 ] ; then\n    # print error to STDERR\n    echo \"error: The sandbox is not in sync with the Podfile.lock. Run 'pod install' or update your CocoaPods installation.\" >&2\n    exit 1\nfi\n# This output is used by Xcode 'outputs' to avoid re-running this script phase.\necho \"SUCCESS\" > \"${SCRIPT_OUTPUT_FILE_0}\"\n";
			showEnvVarsInLog = 0;
		};
/* End PBXShellScriptBuildPhase section */

/* Begin PBXSourcesBuildPhase section */
		2CDE75342488F2E000949272 /* Sources */ = {
			isa = PBXSourcesBuildPhase;
			buildActionMask = 2147483647;
			files = (
				2CEC729E248D114A00BA523F /* PhotosPresenter.swift in Sources */,
				2C6A4448248D367700AA24F8 /* CommentsModels.swift in Sources */,
				2C6A4433248D250200AA24F8 /* PhotoCollectionViewCell.swift in Sources */,
				2C57F174248A3E84007FF471 /* ExploreCollectionViewCell.swift in Sources */,
				2CEC728E248CEE2F00BA523F /* AlbumTableViewCell.swift in Sources */,
				2CDE75762488F8D400949272 /* FeedRouter.swift in Sources */,
				2CDE75882488F9CE00949272 /* ExploreInteractor.swift in Sources */,
				2CDE75862488F9CE00949272 /* ExploreModels.swift in Sources */,
				2C57F16C248A2AB7007FF471 /* PostsManager.swift in Sources */,
				2C6A4449248D367700AA24F8 /* CommentsViewController.swift in Sources */,
				2CEC72AA248D1A4600BA523F /* PhotoRepository.swift in Sources */,
				2CDE75772488F8D400949272 /* FeedModels.swift in Sources */,
				2CE2BD47248C2ACC0064A8EE /* ProfileViewController.swift in Sources */,
				2C69AC3E248CE052009B2E24 /* Constants.swift in Sources */,
				2C6A4445248D367700AA24F8 /* CommentsPresenter.swift in Sources */,
				2C6A443B248D2F0A00AA24F8 /* APICommentRepository.swift in Sources */,
				2CE2BD48248C2ACC0064A8EE /* ProfileInteractor.swift in Sources */,
				2CE2BD45248C2ACC0064A8EE /* ProfileRouter.swift in Sources */,
				2CDE75992489076300949272 /* FeedTableViewCell.swift in Sources */,
				2CDE75742488F8D400949272 /* FeedPresenter.swift in Sources */,
				2CDE758E2488FEA000949272 /* Threads.swift in Sources */,
				2C57F177248A4132007FF471 /* UICollectionView+Additions.swift in Sources */,
				2CEC72A1248D114A00BA523F /* PhotosModels.swift in Sources */,
				2C57F16E248A2F91007FF471 /* User.swift in Sources */,
				2CE2BD2C248C19990064A8EE /* APIUserRepository.swift in Sources */,
				2CE2BD46248C2ACC0064A8EE /* ProfileModels.swift in Sources */,
				2CEC7295248CF95600BA523F /* TodoTableViewCell.swift in Sources */,
				2CDE75402488F2E000949272 /* BaseViewController.swift in Sources */,
				2CEC72AC248D1A4F00BA523F /* APIPhotoRepository.swift in Sources */,
				2C6A4446248D367700AA24F8 /* CommentsWorker.swift in Sources */,
				2C69AC30248CCF4C009B2E24 /* TodoRepository.swift in Sources */,
				2CDE75852488F9CE00949272 /* ExploreRouter.swift in Sources */,
				2CDE753C2488F2E000949272 /* AppDelegate.swift in Sources */,
				2CEC72A0248D114A00BA523F /* PhotosRouter.swift in Sources */,
				2CDE75952489007E00949272 /* Array+Additions.swift in Sources */,
				2CEC729F248D114A00BA523F /* PhotosWorker.swift in Sources */,
				2CDE759C24890E2600949272 /* UITableView+Additions.swift in Sources */,
				2CDE753E2488F2E000949272 /* SceneDelegate.swift in Sources */,
				2C69AC38248CD419009B2E24 /* AlbumRepository.swift in Sources */,
				2C69AC34248CD02B009B2E24 /* Album.swift in Sources */,
				2C6A444A248D367700AA24F8 /* CommentsInteractor.swift in Sources */,
				2C6A4439248D2EFE00AA24F8 /* CommentRepository.swift in Sources */,
				2CE2BD43248C2ACC0064A8EE /* ProfilePresenter.swift in Sources */,
				2CDE75782488F8D400949272 /* FeedViewController.swift in Sources */,
				2C6A443D248D2F3300AA24F8 /* Comment.swift in Sources */,
				2CEC72A3248D114A00BA523F /* PhotosInteractor.swift in Sources */,
				2CE2BD23248C106E0064A8EE /* APIBaseRepository.swift in Sources */,
				2CDE75662488F63D00949272 /* MainWorker.swift in Sources */,
				2CE2BD1D248C03E30064A8EE /* LocalPostRepository.swift in Sources */,
				2CE2BD2E248C1A5A0064A8EE /* LocalUserRepository.swift in Sources */,
				2CDE75832488F9CE00949272 /* ExplorePresenter.swift in Sources */,
				2CEC7292248CF56D00BA523F /* IntrinsicHeightTableView.swift in Sources */,
				2C6A444F248D3ABA00AA24F8 /* CommentTableViewCell.swift in Sources */,
				2CDE75652488F63D00949272 /* MainPresenter.swift in Sources */,
				2CDE75872488F9CE00949272 /* ExploreViewController.swift in Sources */,
				2CDE75A2248916E700949272 /* Post.swift in Sources */,
				2C6A4447248D367700AA24F8 /* CommentsRouter.swift in Sources */,
				2CDE75902488FF7000949272 /* String+Additions.swift in Sources */,
				2C69AC36248CD187009B2E24 /* APITodoRepository.swift in Sources */,
				2CE2BD44248C2ACC0064A8EE /* ProfileWorker.swift in Sources */,
				2CDE756A2488F63D00949272 /* MainInteractor.swift in Sources */,
				2CEC72A7248D18A900BA523F /* Photo.swift in Sources */,
				2CDE75682488F63D00949272 /* MainModels.swift in Sources */,
				2CDE75792488F8D400949272 /* FeedInteractor.swift in Sources */,
				2CDE75672488F63D00949272 /* MainRouter.swift in Sources */,
				2CDE75692488F63D00949272 /* MainViewController.swift in Sources */,
				2CDE75752488F8D400949272 /* FeedWorker.swift in Sources */,
				2CDE75842488F9CE00949272 /* ExploreWorker.swift in Sources */,
				2C57F170248A331E007FF471 /* UsersManager.swift in Sources */,
				2C69AC32248CCFA4009B2E24 /* Todo.swift in Sources */,
				2CE2BD1F248C043E0064A8EE /* APIPostRepository.swift in Sources */,
				2CEC72A2248D114A00BA523F /* PhotosViewController.swift in Sources */,
				2CE2BD2A248C19120064A8EE /* UserRepository.swift in Sources */,
				2C69AC3A248CD422009B2E24 /* APIAlbumRepository.swift in Sources */,
				2CE2BD1B248C03620064A8EE /* PostRepository.swift in Sources */,
			);
			runOnlyForDeploymentPostprocessing = 0;
		};
		2CDE754A2488F2E200949272 /* Sources */ = {
			isa = PBXSourcesBuildPhase;
			buildActionMask = 2147483647;
			files = (
				2C67A3B0248D401000D2E2DE /* ProfileViewControllerTests.swift in Sources */,
				2C7FBC1D248E1FA100468A78 /* CommentsInteractorTests.swift in Sources */,
				2C7FBC27248E20DC00468A78 /* MainWorkerTests.swift in Sources */,
				2C67A3BB248D820100D2E2DE /* FeedWorkerTests.swift in Sources */,
				2C7FBC1E248E1FA100468A78 /* CommentsWorkerTests.swift in Sources */,
				2C67A3B3248D401000D2E2DE /* ProfilePresenterTests.swift in Sources */,
				2C7FBC13248E1DD400468A78 /* PhotosViewControllerTests.swift in Sources */,
				2C7FBC1F248E1FA100468A78 /* CommentsPresenterTests.swift in Sources */,
				2C7FBC1C248E1FA100468A78 /* CommentsViewControllerTests.swift in Sources */,
				2C7FBC26248E20DC00468A78 /* MainInteractorTests.swift in Sources */,
				2C7FBC2B248E249700468A78 /* XCTest+Additions.swift in Sources */,
				2C67A3B2248D401000D2E2DE /* ProfileWorkerTests.swift in Sources */,
				2C67A3BA248D820100D2E2DE /* FeedInteractorTests.swift in Sources */,
				2C67A3B1248D401000D2E2DE /* ProfileInteractorTests.swift in Sources */,
				2C7FBC25248E20DC00468A78 /* MainViewControllerTests.swift in Sources */,
				2C7FBC0B248E178700468A78 /* ExploreInteractorTests.swift in Sources */,
				2C7FBC0D248E178700468A78 /* ExplorePresenterTests.swift in Sources */,
				2C7FBC0C248E178700468A78 /* ExploreWorkerTests.swift in Sources */,
				2C7FBC14248E1DD400468A78 /* PhotosInteractorTests.swift in Sources */,
				2C7FBC0A248E178700468A78 /* ExploreViewControllerTests.swift in Sources */,
				2C7FBC15248E1DD400468A78 /* PhotosWorkerTests.swift in Sources */,
				2C7FBC16248E1DD400468A78 /* PhotosPresenterTests.swift in Sources */,
				2C67A3B9248D820100D2E2DE /* FeedViewControllerTests.swift in Sources */,
				2C7FBC28248E20DC00468A78 /* MainPresenterTests.swift in Sources */,
				2C67A3BC248D820100D2E2DE /* FeedPresenterTests.swift in Sources */,
				2CDE75532488F2E200949272 /* JSONPlaceholderappTests.swift in Sources */,
			);
			runOnlyForDeploymentPostprocessing = 0;
		};
/* End PBXSourcesBuildPhase section */

/* Begin PBXTargetDependency section */
		2CDE75502488F2E200949272 /* PBXTargetDependency */ = {
			isa = PBXTargetDependency;
			target = 2CDE75372488F2E000949272 /* JSONPlaceholderapp */;
			targetProxy = 2CDE754F2488F2E200949272 /* PBXContainerItemProxy */;
		};
/* End PBXTargetDependency section */

/* Begin PBXVariantGroup section */
		2CDE75462488F2E200949272 /* LaunchScreen.storyboard */ = {
			isa = PBXVariantGroup;
			children = (
				2CDE75472488F2E200949272 /* Base */,
			);
			name = LaunchScreen.storyboard;
			sourceTree = "<group>";
		};
/* End PBXVariantGroup section */

/* Begin XCBuildConfiguration section */
		2CDE75552488F2E200949272 /* Debug */ = {
			isa = XCBuildConfiguration;
			buildSettings = {
				ALWAYS_SEARCH_USER_PATHS = NO;
				CLANG_ANALYZER_NONNULL = YES;
				CLANG_ANALYZER_NUMBER_OBJECT_CONVERSION = YES_AGGRESSIVE;
				CLANG_CXX_LANGUAGE_STANDARD = "gnu++14";
				CLANG_CXX_LIBRARY = "libc++";
				CLANG_ENABLE_MODULES = YES;
				CLANG_ENABLE_OBJC_ARC = YES;
				CLANG_ENABLE_OBJC_WEAK = YES;
				CLANG_WARN_BLOCK_CAPTURE_AUTORELEASING = YES;
				CLANG_WARN_BOOL_CONVERSION = YES;
				CLANG_WARN_COMMA = YES;
				CLANG_WARN_CONSTANT_CONVERSION = YES;
				CLANG_WARN_DEPRECATED_OBJC_IMPLEMENTATIONS = YES;
				CLANG_WARN_DIRECT_OBJC_ISA_USAGE = YES_ERROR;
				CLANG_WARN_DOCUMENTATION_COMMENTS = YES;
				CLANG_WARN_EMPTY_BODY = YES;
				CLANG_WARN_ENUM_CONVERSION = YES;
				CLANG_WARN_INFINITE_RECURSION = YES;
				CLANG_WARN_INT_CONVERSION = YES;
				CLANG_WARN_NON_LITERAL_NULL_CONVERSION = YES;
				CLANG_WARN_OBJC_IMPLICIT_RETAIN_SELF = YES;
				CLANG_WARN_OBJC_LITERAL_CONVERSION = YES;
				CLANG_WARN_OBJC_ROOT_CLASS = YES_ERROR;
				CLANG_WARN_RANGE_LOOP_ANALYSIS = YES;
				CLANG_WARN_STRICT_PROTOTYPES = YES;
				CLANG_WARN_SUSPICIOUS_MOVE = YES;
				CLANG_WARN_UNGUARDED_AVAILABILITY = YES_AGGRESSIVE;
				CLANG_WARN_UNREACHABLE_CODE = YES;
				CLANG_WARN__DUPLICATE_METHOD_MATCH = YES;
				COPY_PHASE_STRIP = NO;
				DEBUG_INFORMATION_FORMAT = dwarf;
				ENABLE_STRICT_OBJC_MSGSEND = YES;
				ENABLE_TESTABILITY = YES;
				GCC_C_LANGUAGE_STANDARD = gnu11;
				GCC_DYNAMIC_NO_PIC = NO;
				GCC_NO_COMMON_BLOCKS = YES;
				GCC_OPTIMIZATION_LEVEL = 0;
				GCC_PREPROCESSOR_DEFINITIONS = (
					"DEBUG=1",
					"$(inherited)",
				);
				GCC_WARN_64_TO_32_BIT_CONVERSION = YES;
				GCC_WARN_ABOUT_RETURN_TYPE = YES_ERROR;
				GCC_WARN_UNDECLARED_SELECTOR = YES;
				GCC_WARN_UNINITIALIZED_AUTOS = YES_AGGRESSIVE;
				GCC_WARN_UNUSED_FUNCTION = YES;
				GCC_WARN_UNUSED_VARIABLE = YES;
				IPHONEOS_DEPLOYMENT_TARGET = 13.1;
				MTL_ENABLE_DEBUG_INFO = INCLUDE_SOURCE;
				MTL_FAST_MATH = YES;
				ONLY_ACTIVE_ARCH = YES;
				SDKROOT = iphoneos;
				SWIFT_ACTIVE_COMPILATION_CONDITIONS = DEBUG;
				SWIFT_OPTIMIZATION_LEVEL = "-Onone";
			};
			name = Debug;
		};
		2CDE75562488F2E200949272 /* Release */ = {
			isa = XCBuildConfiguration;
			buildSettings = {
				ALWAYS_SEARCH_USER_PATHS = NO;
				CLANG_ANALYZER_NONNULL = YES;
				CLANG_ANALYZER_NUMBER_OBJECT_CONVERSION = YES_AGGRESSIVE;
				CLANG_CXX_LANGUAGE_STANDARD = "gnu++14";
				CLANG_CXX_LIBRARY = "libc++";
				CLANG_ENABLE_MODULES = YES;
				CLANG_ENABLE_OBJC_ARC = YES;
				CLANG_ENABLE_OBJC_WEAK = YES;
				CLANG_WARN_BLOCK_CAPTURE_AUTORELEASING = YES;
				CLANG_WARN_BOOL_CONVERSION = YES;
				CLANG_WARN_COMMA = YES;
				CLANG_WARN_CONSTANT_CONVERSION = YES;
				CLANG_WARN_DEPRECATED_OBJC_IMPLEMENTATIONS = YES;
				CLANG_WARN_DIRECT_OBJC_ISA_USAGE = YES_ERROR;
				CLANG_WARN_DOCUMENTATION_COMMENTS = YES;
				CLANG_WARN_EMPTY_BODY = YES;
				CLANG_WARN_ENUM_CONVERSION = YES;
				CLANG_WARN_INFINITE_RECURSION = YES;
				CLANG_WARN_INT_CONVERSION = YES;
				CLANG_WARN_NON_LITERAL_NULL_CONVERSION = YES;
				CLANG_WARN_OBJC_IMPLICIT_RETAIN_SELF = YES;
				CLANG_WARN_OBJC_LITERAL_CONVERSION = YES;
				CLANG_WARN_OBJC_ROOT_CLASS = YES_ERROR;
				CLANG_WARN_RANGE_LOOP_ANALYSIS = YES;
				CLANG_WARN_STRICT_PROTOTYPES = YES;
				CLANG_WARN_SUSPICIOUS_MOVE = YES;
				CLANG_WARN_UNGUARDED_AVAILABILITY = YES_AGGRESSIVE;
				CLANG_WARN_UNREACHABLE_CODE = YES;
				CLANG_WARN__DUPLICATE_METHOD_MATCH = YES;
				COPY_PHASE_STRIP = NO;
				DEBUG_INFORMATION_FORMAT = "dwarf-with-dsym";
				ENABLE_NS_ASSERTIONS = NO;
				ENABLE_STRICT_OBJC_MSGSEND = YES;
				GCC_C_LANGUAGE_STANDARD = gnu11;
				GCC_NO_COMMON_BLOCKS = YES;
				GCC_WARN_64_TO_32_BIT_CONVERSION = YES;
				GCC_WARN_ABOUT_RETURN_TYPE = YES_ERROR;
				GCC_WARN_UNDECLARED_SELECTOR = YES;
				GCC_WARN_UNINITIALIZED_AUTOS = YES_AGGRESSIVE;
				GCC_WARN_UNUSED_FUNCTION = YES;
				GCC_WARN_UNUSED_VARIABLE = YES;
				IPHONEOS_DEPLOYMENT_TARGET = 13.1;
				MTL_ENABLE_DEBUG_INFO = NO;
				MTL_FAST_MATH = YES;
				SDKROOT = iphoneos;
				SWIFT_COMPILATION_MODE = wholemodule;
				SWIFT_OPTIMIZATION_LEVEL = "-O";
				VALIDATE_PRODUCT = YES;
			};
			name = Release;
		};
		2CDE75582488F2E200949272 /* Debug */ = {
			isa = XCBuildConfiguration;
			baseConfigurationReference = 2DCBA049F5409DF7A737944C /* Pods-JSONPlaceholderapp.debug.xcconfig */;
			buildSettings = {
				ASSETCATALOG_COMPILER_APPICON_NAME = AppIcon;
				CODE_SIGN_STYLE = Automatic;
				INFOPLIST_FILE = JSONPlaceholderapp/Info.plist;
				LD_RUNPATH_SEARCH_PATHS = (
					"$(inherited)",
					"@executable_path/Frameworks",
				);
				PRODUCT_BUNDLE_IDENTIFIER = IDIAZM.JSONPlaceholderapp;
				PRODUCT_NAME = "$(TARGET_NAME)";
				SWIFT_VERSION = 5.0;
				TARGETED_DEVICE_FAMILY = "1,2";
			};
			name = Debug;
		};
		2CDE75592488F2E200949272 /* Release */ = {
			isa = XCBuildConfiguration;
			baseConfigurationReference = BBEB4BA9F17B6861588F308D /* Pods-JSONPlaceholderapp.release.xcconfig */;
			buildSettings = {
				ASSETCATALOG_COMPILER_APPICON_NAME = AppIcon;
				CODE_SIGN_STYLE = Automatic;
				INFOPLIST_FILE = JSONPlaceholderapp/Info.plist;
				LD_RUNPATH_SEARCH_PATHS = (
					"$(inherited)",
					"@executable_path/Frameworks",
				);
				PRODUCT_BUNDLE_IDENTIFIER = IDIAZM.JSONPlaceholderapp;
				PRODUCT_NAME = "$(TARGET_NAME)";
				SWIFT_VERSION = 5.0;
				TARGETED_DEVICE_FAMILY = "1,2";
			};
			name = Release;
		};
		2CDE755B2488F2E200949272 /* Debug */ = {
			isa = XCBuildConfiguration;
			baseConfigurationReference = 1ADEDAAE5423E5F1D5308DA9 /* Pods-JSONPlaceholderappTests.debug.xcconfig */;
			buildSettings = {
				ALWAYS_EMBED_SWIFT_STANDARD_LIBRARIES = YES;
				BUNDLE_LOADER = "$(TEST_HOST)";
				CODE_SIGN_STYLE = Automatic;
				INFOPLIST_FILE = JSONPlaceholderappTests/Info.plist;
				IPHONEOS_DEPLOYMENT_TARGET = 13.1;
				LD_RUNPATH_SEARCH_PATHS = (
					"$(inherited)",
					"@executable_path/Frameworks",
					"@loader_path/Frameworks",
				);
				PRODUCT_BUNDLE_IDENTIFIER = IDIAZM.JSONPlaceholderappTests;
				PRODUCT_NAME = "$(TARGET_NAME)";
				SWIFT_VERSION = 5.0;
				TARGETED_DEVICE_FAMILY = "1,2";
				TEST_HOST = "$(BUILT_PRODUCTS_DIR)/JSONPlaceholderapp.app/JSONPlaceholderapp";
			};
			name = Debug;
		};
		2CDE755C2488F2E200949272 /* Release */ = {
			isa = XCBuildConfiguration;
			baseConfigurationReference = 4C175DD53A78F9453B0108AA /* Pods-JSONPlaceholderappTests.release.xcconfig */;
			buildSettings = {
				ALWAYS_EMBED_SWIFT_STANDARD_LIBRARIES = YES;
				BUNDLE_LOADER = "$(TEST_HOST)";
				CODE_SIGN_STYLE = Automatic;
				INFOPLIST_FILE = JSONPlaceholderappTests/Info.plist;
				IPHONEOS_DEPLOYMENT_TARGET = 13.1;
				LD_RUNPATH_SEARCH_PATHS = (
					"$(inherited)",
					"@executable_path/Frameworks",
					"@loader_path/Frameworks",
				);
				PRODUCT_BUNDLE_IDENTIFIER = IDIAZM.JSONPlaceholderappTests;
				PRODUCT_NAME = "$(TARGET_NAME)";
				SWIFT_VERSION = 5.0;
				TARGETED_DEVICE_FAMILY = "1,2";
				TEST_HOST = "$(BUILT_PRODUCTS_DIR)/JSONPlaceholderapp.app/JSONPlaceholderapp";
			};
			name = Release;
		};
/* End XCBuildConfiguration section */

/* Begin XCConfigurationList section */
		2CDE75332488F2E000949272 /* Build configuration list for PBXProject "JSONPlaceholderapp" */ = {
			isa = XCConfigurationList;
			buildConfigurations = (
				2CDE75552488F2E200949272 /* Debug */,
				2CDE75562488F2E200949272 /* Release */,
			);
			defaultConfigurationIsVisible = 0;
			defaultConfigurationName = Release;
		};
		2CDE75572488F2E200949272 /* Build configuration list for PBXNativeTarget "JSONPlaceholderapp" */ = {
			isa = XCConfigurationList;
			buildConfigurations = (
				2CDE75582488F2E200949272 /* Debug */,
				2CDE75592488F2E200949272 /* Release */,
			);
			defaultConfigurationIsVisible = 0;
			defaultConfigurationName = Release;
		};
		2CDE755A2488F2E200949272 /* Build configuration list for PBXNativeTarget "JSONPlaceholderappTests" */ = {
			isa = XCConfigurationList;
			buildConfigurations = (
				2CDE755B2488F2E200949272 /* Debug */,
				2CDE755C2488F2E200949272 /* Release */,
			);
			defaultConfigurationIsVisible = 0;
			defaultConfigurationName = Release;
		};
/* End XCConfigurationList section */
	};
	rootObject = 2CDE75302488F2E000949272 /* Project object */;
}
